// !$*UTF8*$!
{
	archiveVersion = 1;
	classes = {
	};
	objectVersion = 47;
	objects = {
/* Begin PBXBuildFile section */
		00C302E51ABCBA2D00DB3ED1 /* libRCTActionSheet.a in Frameworks */ = {isa = PBXBuildFile; fileRef = 00C302AC1ABCB8CE00DB3ED1 /* libRCTActionSheet.a */; };
		00C302E71ABCBA2D00DB3ED1 /* libRCTGeolocation.a in Frameworks */ = {isa = PBXBuildFile; fileRef = 00C302BA1ABCB90400DB3ED1 /* libRCTGeolocation.a */; };
		00C302E81ABCBA2D00DB3ED1 /* libRCTImage.a in Frameworks */ = {isa = PBXBuildFile; fileRef = 00C302C01ABCB91800DB3ED1 /* libRCTImage.a */; };
		00C302E91ABCBA2D00DB3ED1 /* libRCTNetwork.a in Frameworks */ = {isa = PBXBuildFile; fileRef = 00C302DC1ABCB9D200DB3ED1 /* libRCTNetwork.a */; };
		00C302EA1ABCBA2D00DB3ED1 /* libRCTVibration.a in Frameworks */ = {isa = PBXBuildFile; fileRef = 00C302E41ABCB9EE00DB3ED1 /* libRCTVibration.a */; };
		1206EE6307EF461C95D2027C /* libRNDeviceInfo.a in Frameworks */ = {isa = PBXBuildFile; fileRef = 3F8BBA9A1F2B4D6E88692A00 /* libRNDeviceInfo.a */; };
		12671B9CFF524523A5BD2246 /* libRNImagePicker.a in Frameworks */ = {isa = PBXBuildFile; fileRef = F935140FBEC04A438518EC8C /* libRNImagePicker.a */; };
		133E29F31AD74F7200F7D852 /* libRCTLinking.a in Frameworks */ = {isa = PBXBuildFile; fileRef = 78C398B91ACF4ADC00677621 /* libRCTLinking.a */; };
		139105C61AF99C1200B5F7CC /* libRCTSettings.a in Frameworks */ = {isa = PBXBuildFile; fileRef = 139105C11AF99BAD00B5F7CC /* libRCTSettings.a */; };
		139FDEF61B0652A700C62182 /* libRCTWebSocket.a in Frameworks */ = {isa = PBXBuildFile; fileRef = 139FDEF41B06529B00C62182 /* libRCTWebSocket.a */; };
		13B07FBC1A68108700A75B9A /* AppDelegate.m in Sources */ = {isa = PBXBuildFile; fileRef = 13B07FB01A68108700A75B9A /* AppDelegate.m */; };
		13B07FBD1A68108700A75B9A /* LaunchScreen.xib in Resources */ = {isa = PBXBuildFile; fileRef = 13B07FB11A68108700A75B9A /* LaunchScreen.xib */; };
		13B07FC11A68108700A75B9A /* main.m in Sources */ = {isa = PBXBuildFile; fileRef = 13B07FB71A68108700A75B9A /* main.m */; };
		146834051AC3E58100842450 /* libReact.a in Frameworks */ = {isa = PBXBuildFile; fileRef = 146834041AC3E56700842450 /* libReact.a */; };
		16BD4793BB434B0B8EDE84C0 /* Contents.json in Resources */ = {isa = PBXBuildFile; fileRef = 2575883C59894B39B85A263D /* Contents.json */; };
		32BDCBE99CD94B47A6C9B0BD /* libRNLocation.a in Frameworks */ = {isa = PBXBuildFile; fileRef = 7020DF2A10664F759901E479 /* libRNLocation.a */; };
		3316D41FD8284BF69051DC4C /* slider-default7-trackBackground@2x.png in Resources */ = {isa = PBXBuildFile; fileRef = 7211CCD85F2D4D0DB774BEA5 /* slider-default7-trackBackground@2x.png */; };
		3EA49C5208EB42F48D3A211B /* libCodePush.a in Frameworks */ = {isa = PBXBuildFile; fileRef = EAC7ADD03CF149A6B4BAF257 /* libCodePush.a */; };
		6629E2051DF5BF47003BCCA7 /* MapKit.framework in Frameworks */ = {isa = PBXBuildFile; fileRef = 6629E2041DF5BF47003BCCA7 /* MapKit.framework */; };
		66BD7CB11DF7A95A00B913CF /* libRCTAnimation.a in Frameworks */ = {isa = PBXBuildFile; fileRef = 66BD7C751DF7A7A500B913CF /* libRCTAnimation.a */; };
		66DA39D51DDD78550058CA64 /* CoreMotion.framework in Frameworks */ = {isa = PBXBuildFile; fileRef = 66DA39D41DDD78550058CA64 /* CoreMotion.framework */; };
		7BF78258537C493EAD2DC884 /* slider-default7-track@2x.png in Resources */ = {isa = PBXBuildFile; fileRef = E210699092A841EAABDA630E /* slider-default7-track@2x.png */; };
		7EFE99E4F336498D8B28AE94 /* libRNFS.a in Frameworks */ = {isa = PBXBuildFile; fileRef = CDCB7BAEBD744AC6BEE958E4 /* libRNFS.a */; };
		832341BD1AAA6AB300B99B32 /* libRCTText.a in Frameworks */ = {isa = PBXBuildFile; fileRef = 832341B51AAA6A8300B99B32 /* libRCTText.a */; };
		858BB218DA1C43A4A7DF2AB6 /* libAirMaps.a in Frameworks */ = {isa = PBXBuildFile; fileRef = CED4471195E74DF6A11AE311 /* libAirMaps.a */; };
		8EBD2EB11E5D9AE800392C92 /* InfoPlist.strings in Resources */ = {isa = PBXBuildFile; fileRef = 8EBD2EB31E5D9AE800392C92 /* InfoPlist.strings */; };
		8EFCC0DE1D771C5A007F5341 /* Images.xcassets in Resources */ = {isa = PBXBuildFile; fileRef = 8EFCC0DD1D771C5A007F5341 /* Images.xcassets */; };
		9A5579851D48FAC70046CE62 /* Slider.xcassets in Resources */ = {isa = PBXBuildFile; fileRef = 9A5579841D48FAC70046CE62 /* Slider.xcassets */; };
		9A9038A01D488D2D00055558 /* libRCTCameraRoll.a in Frameworks */ = {isa = PBXBuildFile; fileRef = 9A90389F1D488D0000055558 /* libRCTCameraRoll.a */; };
		9A9038A71D48B02500055558 /* libART.a in Frameworks */ = {isa = PBXBuildFile; fileRef = 9A9038A61D48AFBF00055558 /* libART.a */; };
		9AD2B9BB1D59F6EC00F2B4A5 /* libRCTWeChat.a in Frameworks */ = {isa = PBXBuildFile; fileRef = 9AD2B9B51D59F6AD00F2B4A5 /* libRCTWeChat.a */; };
		9AD2B9BD1D59F6FB00F2B4A5 /* SystemConfiguration.framework in Frameworks */ = {isa = PBXBuildFile; fileRef = 9AD2B9BC1D59F6FB00F2B4A5 /* SystemConfiguration.framework */; };
		9AD2B9BF1D59F70800F2B4A5 /* CoreTelephony.framework in Frameworks */ = {isa = PBXBuildFile; fileRef = 9AD2B9BE1D59F70800F2B4A5 /* CoreTelephony.framework */; };
		9AD2B9C11D59F71000F2B4A5 /* libsqlite3.tbd in Frameworks */ = {isa = PBXBuildFile; fileRef = 9AD2B9C01D59F71000F2B4A5 /* libsqlite3.tbd */; };
		9AD2B9C31D59F71F00F2B4A5 /* libc++.tbd in Frameworks */ = {isa = PBXBuildFile; fileRef = 9AD2B9C21D59F71F00F2B4A5 /* libc++.tbd */; };
		9AD2B9C51D59F72900F2B4A5 /* libz.tbd in Frameworks */ = {isa = PBXBuildFile; fileRef = 9AD2B9C41D59F72900F2B4A5 /* libz.tbd */; };
		A4E4DE90FCD645F285C96A03 /* libReactNativePermissions.a in Frameworks */ = {isa = PBXBuildFile; fileRef = D87C156366754BB69DC49822 /* libReactNativePermissions.a */; };
		A6DC4B194CBD43388AEB9E56 /* libRNI18n.a in Frameworks */ = {isa = PBXBuildFile; fileRef = 2EE138DB8D7842DCA27C3536 /* libRNI18n.a */; };
		BE214934FE4342E4BF1EB538 /* libRNNMRangeSlider.a in Frameworks */ = {isa = PBXBuildFile; fileRef = FABF7D0CDE38472098F0B901 /* libRNNMRangeSlider.a */; };
		C70B2D40DC6D49CA86FD9122 /* libAlipayModule.a in Frameworks */ = {isa = PBXBuildFile; fileRef = 9B865EBBDC2C41A3B2AAA8F7 /* libAlipayModule.a */; };
		D361FCB16F1D4927B6B499F6 /* libRNSVG.a in Frameworks */ = {isa = PBXBuildFile; fileRef = DB7E23F3966C43E58E4AD20E /* libRNSVG.a */; };
		E06735ED39F64691B4DCA6E2 /* slider-default7-trackCrossedOver@2x.png in Resources */ = {isa = PBXBuildFile; fileRef = B31CBB7D5D514D799A8BBB61 /* slider-default7-trackCrossedOver@2x.png */; };
		F31B65523C224E06B52CCCE4 /* slider-default7-handle@2x.png in Resources */ = {isa = PBXBuildFile; fileRef = 4D0418A4E1744EAEA9DEAC34 /* slider-default7-handle@2x.png */; };
/* End PBXBuildFile section */

/* Begin PBXContainerItemProxy section */
		00C302AB1ABCB8CE00DB3ED1 /* PBXContainerItemProxy */ = {
			isa = PBXContainerItemProxy;
			containerPortal = 00C302A71ABCB8CE00DB3ED1 /* RCTActionSheet.xcodeproj */;
			proxyType = 2;
			remoteGlobalIDString = 134814201AA4EA6300B7C361;
			remoteInfo = RCTActionSheet;
		};
		00C302B91ABCB90400DB3ED1 /* PBXContainerItemProxy */ = {
			isa = PBXContainerItemProxy;
			containerPortal = 00C302B51ABCB90400DB3ED1 /* RCTGeolocation.xcodeproj */;
			proxyType = 2;
			remoteGlobalIDString = 134814201AA4EA6300B7C361;
			remoteInfo = RCTGeolocation;
		};
		00C302BF1ABCB91800DB3ED1 /* PBXContainerItemProxy */ = {
			isa = PBXContainerItemProxy;
			containerPortal = 00C302BB1ABCB91800DB3ED1 /* RCTImage.xcodeproj */;
			proxyType = 2;
			remoteGlobalIDString = 58B5115D1A9E6B3D00147676;
			remoteInfo = RCTImage;
		};
		00C302DB1ABCB9D200DB3ED1 /* PBXContainerItemProxy */ = {
			isa = PBXContainerItemProxy;
			containerPortal = 00C302D31ABCB9D200DB3ED1 /* RCTNetwork.xcodeproj */;
			proxyType = 2;
			remoteGlobalIDString = 58B511DB1A9E6C8500147676;
			remoteInfo = RCTNetwork;
		};
		00C302E31ABCB9EE00DB3ED1 /* PBXContainerItemProxy */ = {
			isa = PBXContainerItemProxy;
			containerPortal = 00C302DF1ABCB9EE00DB3ED1 /* RCTVibration.xcodeproj */;
			proxyType = 2;
			remoteGlobalIDString = 832C81801AAF6DEF007FA2F7;
			remoteInfo = RCTVibration;
		};
		139105C01AF99BAD00B5F7CC /* PBXContainerItemProxy */ = {
			isa = PBXContainerItemProxy;
			containerPortal = 139105B61AF99BAD00B5F7CC /* RCTSettings.xcodeproj */;
			proxyType = 2;
			remoteGlobalIDString = 134814201AA4EA6300B7C361;
			remoteInfo = RCTSettings;
		};
		139FDEF31B06529B00C62182 /* PBXContainerItemProxy */ = {
			isa = PBXContainerItemProxy;
			containerPortal = 139FDEE61B06529A00C62182 /* RCTWebSocket.xcodeproj */;
			proxyType = 2;
			remoteGlobalIDString = 3C86DF461ADF2C930047B81A;
			remoteInfo = RCTWebSocket;
		};
		146834031AC3E56700842450 /* PBXContainerItemProxy */ = {
			isa = PBXContainerItemProxy;
			containerPortal = 146833FF1AC3E56700842450 /* React.xcodeproj */;
			proxyType = 2;
			remoteGlobalIDString = 83CBBA2E1A601D0E00E9B192;
			remoteInfo = React;
		};
		667D57DE1DDD3E1300DC6E2F /* PBXContainerItemProxy */ = {
			isa = PBXContainerItemProxy;
			containerPortal = F59EF16234D44490834446F4 /* AlipayModule.xcodeproj */;
			proxyType = 2;
			remoteGlobalIDString = 64971CAA1CE1BB7300BCD91E;
			remoteInfo = AlipayModule;
		};
		6693FCE61DE6E27E00832941 /* PBXContainerItemProxy */ = {
			isa = PBXContainerItemProxy;
			containerPortal = EF5AABA5E93645D1AE149383 /* RNI18n.xcodeproj */;
			proxyType = 2;
			remoteGlobalIDString = CDD7BF781B2D5125006FDA75;
			remoteInfo = RNI18n;
		};
		6693FCE81DE6E27E00832941 /* PBXContainerItemProxy */ = {
			isa = PBXContainerItemProxy;
			containerPortal = EF5AABA5E93645D1AE149383 /* RNI18n.xcodeproj */;
			proxyType = 2;
			remoteGlobalIDString = CDD7BF831B2D5126006FDA75;
			remoteInfo = RNI18nTests;
		};
		66BD7C741DF7A7A500B913CF /* PBXContainerItemProxy */ = {
			isa = PBXContainerItemProxy;
			containerPortal = 66BD7C6A1DF7A7A500B913CF /* RCTAnimation.xcodeproj */;
			proxyType = 2;
			remoteGlobalIDString = 134814201AA4EA6300B7C361;
			remoteInfo = RCTAnimation;
		};
		66BD7C761DF7A7A500B913CF /* PBXContainerItemProxy */ = {
			isa = PBXContainerItemProxy;
			containerPortal = 66BD7C6A1DF7A7A500B913CF /* RCTAnimation.xcodeproj */;
			proxyType = 2;
			remoteGlobalIDString = 2D2A28201D9B03D100D4039D;
			remoteInfo = "RCTAnimation-tvOS";
		};
		66BD7C7C1DF7A7A500B913CF /* PBXContainerItemProxy */ = {
			isa = PBXContainerItemProxy;
			containerPortal = 00C302BB1ABCB91800DB3ED1 /* RCTImage.xcodeproj */;
			proxyType = 2;
			remoteGlobalIDString = 2D2A283A1D9B042B00D4039D;
			remoteInfo = "RCTImage-tvOS";
		};
		66BD7C801DF7A7A500B913CF /* PBXContainerItemProxy */ = {
			isa = PBXContainerItemProxy;
			containerPortal = 78C398B01ACF4ADC00677621 /* RCTLinking.xcodeproj */;
			proxyType = 2;
			remoteGlobalIDString = 2D2A28471D9B043800D4039D;
			remoteInfo = "RCTLinking-tvOS";
		};
		66BD7C841DF7A7A500B913CF /* PBXContainerItemProxy */ = {
			isa = PBXContainerItemProxy;
			containerPortal = 00C302D31ABCB9D200DB3ED1 /* RCTNetwork.xcodeproj */;
			proxyType = 2;
			remoteGlobalIDString = 2D2A28541D9B044C00D4039D;
			remoteInfo = "RCTNetwork-tvOS";
		};
		66BD7C881DF7A7A500B913CF /* PBXContainerItemProxy */ = {
			isa = PBXContainerItemProxy;
			containerPortal = 139105B61AF99BAD00B5F7CC /* RCTSettings.xcodeproj */;
			proxyType = 2;
			remoteGlobalIDString = 2D2A28611D9B046600D4039D;
			remoteInfo = "RCTSettings-tvOS";
		};
		66BD7C8C1DF7A7A500B913CF /* PBXContainerItemProxy */ = {
			isa = PBXContainerItemProxy;
			containerPortal = 9A6CDCFB1D5AF71E009E2D5D /* RCTTest.xcodeproj */;
			proxyType = 2;
			remoteGlobalIDString = 2D2A286E1D9B047700D4039D;
			remoteInfo = "RCTTest-tvOS";
		};
		66BD7C901DF7A7A500B913CF /* PBXContainerItemProxy */ = {
			isa = PBXContainerItemProxy;
			containerPortal = 832341B01AAA6A8300B99B32 /* RCTText.xcodeproj */;
			proxyType = 2;
			remoteGlobalIDString = 2D2A287B1D9B048500D4039D;
			remoteInfo = "RCTText-tvOS";
		};
		66BD7C951DF7A7A500B913CF /* PBXContainerItemProxy */ = {
			isa = PBXContainerItemProxy;
			containerPortal = 139FDEE61B06529A00C62182 /* RCTWebSocket.xcodeproj */;
			proxyType = 2;
			remoteGlobalIDString = 2D2A28881D9B049200D4039D;
			remoteInfo = "RCTWebSocket-tvOS";
		};
		66BD7C9A1DF7A7A500B913CF /* PBXContainerItemProxy */ = {
			isa = PBXContainerItemProxy;
			containerPortal = 146833FF1AC3E56700842450 /* React.xcodeproj */;
			proxyType = 2;
			remoteGlobalIDString = 2D2A28131D9B038B00D4039D;
			remoteInfo = "React-tvOS";
		};
		66BD7CAD1DF7A89700B913CF /* PBXContainerItemProxy */ = {
			isa = PBXContainerItemProxy;
			containerPortal = 66BD7CA81DF7A89700B913CF /* RCTAnimation.xcodeproj */;
			proxyType = 2;
			remoteGlobalIDString = 134814201AA4EA6300B7C361;
			remoteInfo = RCTAnimation;
		};
		66BD7CAF1DF7A89700B913CF /* PBXContainerItemProxy */ = {
			isa = PBXContainerItemProxy;
			containerPortal = 66BD7CA81DF7A89700B913CF /* RCTAnimation.xcodeproj */;
			proxyType = 2;
			remoteGlobalIDString = 2D2A28201D9B03D100D4039D;
			remoteInfo = "RCTAnimation-tvOS";
		};
		78C398B81ACF4ADC00677621 /* PBXContainerItemProxy */ = {
			isa = PBXContainerItemProxy;
			containerPortal = 78C398B01ACF4ADC00677621 /* RCTLinking.xcodeproj */;
			proxyType = 2;
			remoteGlobalIDString = 134814201AA4EA6300B7C361;
			remoteInfo = RCTLinking;
		};
		832341B41AAA6A8300B99B32 /* PBXContainerItemProxy */ = {
			isa = PBXContainerItemProxy;
			containerPortal = 832341B01AAA6A8300B99B32 /* RCTText.xcodeproj */;
			proxyType = 2;
			remoteGlobalIDString = 58B5119B1A9E6C1200147676;
			remoteInfo = RCTText;
		};
		8E24D4201DCA283C0017B275 /* PBXContainerItemProxy */ = {
			isa = PBXContainerItemProxy;
			containerPortal = 2B6EA8159E344126AE685864 /* RNFS.xcodeproj */;
			proxyType = 2;
			remoteGlobalIDString = F12AFB9B1ADAF8F800E0535D;
			remoteInfo = RNFS;
		};
		8E39F5A71E5D88ED004FEC89 /* PBXContainerItemProxy */ = {
			isa = PBXContainerItemProxy;
			containerPortal = 1AA7E4A7DFF84C04B14C4DBA /* ReactNativePermissions.xcodeproj */;
			proxyType = 2;
			remoteGlobalIDString = 9D23B34F1C767B80008B4819;
			remoteInfo = ReactNativePermissions;
		};
		8EBAEEF91D6F47B10036A453 /* PBXContainerItemProxy */ = {
			isa = PBXContainerItemProxy;
			containerPortal = 8BBA25F4E60C462AB64DF279 /* RNLocation.xcodeproj */;
			proxyType = 2;
			remoteGlobalIDString = 134814201AA4EA6300B7C361;
			remoteInfo = RNLocation;
		};
		9A5579811D48FA7D0046CE62 /* PBXContainerItemProxy */ = {
			isa = PBXContainerItemProxy;
			containerPortal = 4317EFF9129449FA8B942A4E /* RNNMRangeSlider.xcodeproj */;
			proxyType = 2;
			remoteGlobalIDString = 209129271C64B850009926B8;
			remoteInfo = RNNMRangeSlider;
		};
		9A6CDCE91D5AF57B009E2D5D /* PBXContainerItemProxy */ = {
			isa = PBXContainerItemProxy;
			containerPortal = 0723DCDCA9364F80A7D03783 /* CodePush.xcodeproj */;
			proxyType = 2;
			remoteGlobalIDString = 134814201AA4EA6300B7C361;
			remoteInfo = CodePush;
		};
		9A6CDCFF1D5AF71E009E2D5D /* PBXContainerItemProxy */ = {
			isa = PBXContainerItemProxy;
			containerPortal = 9A6CDCFB1D5AF71E009E2D5D /* RCTTest.xcodeproj */;
			proxyType = 2;
			remoteGlobalIDString = 580C376F1AB104AF0015E709;
			remoteInfo = RCTTest;
		};
		9A9038921D488CB000055558 /* PBXContainerItemProxy */ = {
			isa = PBXContainerItemProxy;
			containerPortal = 400393871AE74EF5AE82CD35 /* RNDeviceInfo.xcodeproj */;
			proxyType = 2;
			remoteGlobalIDString = DA5891D81BA9A9FC002B4DB2;
			remoteInfo = RNDeviceInfo;
		};
		9A9038951D488CB000055558 /* PBXContainerItemProxy */ = {
			isa = PBXContainerItemProxy;
			containerPortal = 7B2ADF0CE89448619E4B1C77 /* RNImagePicker.xcodeproj */;
			proxyType = 2;
			remoteGlobalIDString = 014A3B5C1C6CF33500B6D375;
			remoteInfo = RNImagePicker;
		};
		9A9038981D488CB000055558 /* PBXContainerItemProxy */ = {
			isa = PBXContainerItemProxy;
			containerPortal = 19C54BB07FD040D5BE9EF5CE /* RNSVG.xcodeproj */;
			proxyType = 2;
			remoteGlobalIDString = 0CF68AC11AF0540F00FF9E5C;
			remoteInfo = RNSVG;
		};
		9A90389E1D488D0000055558 /* PBXContainerItemProxy */ = {
			isa = PBXContainerItemProxy;
			containerPortal = 9A90389A1D488D0000055558 /* RCTCameraRoll.xcodeproj */;
			proxyType = 2;
			remoteGlobalIDString = 58B5115D1A9E6B3D00147676;
			remoteInfo = RCTCameraRoll;
		};
		9A9038A51D48AFBF00055558 /* PBXContainerItemProxy */ = {
			isa = PBXContainerItemProxy;
			containerPortal = 9A9038A11D48AFBF00055558 /* ART.xcodeproj */;
			proxyType = 2;
			remoteGlobalIDString = 0CF68AC11AF0540F00FF9E5C;
			remoteInfo = ART;
		};
		9ABD57C11D5F761A0020FC1E /* PBXContainerItemProxy */ = {
			isa = PBXContainerItemProxy;
			containerPortal = CAD370287A754DE8924E6BD4 /* AirMaps.xcodeproj */;
			proxyType = 2;
			remoteGlobalIDString = 11FA5C511C4A1296003AC2EE;
			remoteInfo = AirMaps;
		};
		9AD2B9B41D59F6AD00F2B4A5 /* PBXContainerItemProxy */ = {
			isa = PBXContainerItemProxy;
			containerPortal = 9AD2B9A51D59F6AD00F2B4A5 /* RCTWeChat.xcodeproj */;
			proxyType = 2;
			remoteGlobalIDString = 86D238421BD0BB9E00C75D01;
			remoteInfo = RCTWeChat;
		};
/* End PBXContainerItemProxy section */

/* Begin PBXFileReference section */
		008F07F21AC5B25A0029DE68 /* main.jsbundle */ = {isa = PBXFileReference; fileEncoding = 4; lastKnownFileType = text; path = main.jsbundle; sourceTree = "<group>"; };
		00C302A71ABCB8CE00DB3ED1 /* RCTActionSheet.xcodeproj */ = {isa = PBXFileReference; lastKnownFileType = "wrapper.pb-project"; name = RCTActionSheet.xcodeproj; path = "../node_modules/react-native/Libraries/ActionSheetIOS/RCTActionSheet.xcodeproj"; sourceTree = "<group>"; };
		00C302B51ABCB90400DB3ED1 /* RCTGeolocation.xcodeproj */ = {isa = PBXFileReference; lastKnownFileType = "wrapper.pb-project"; name = RCTGeolocation.xcodeproj; path = "../node_modules/react-native/Libraries/Geolocation/RCTGeolocation.xcodeproj"; sourceTree = "<group>"; };
		00C302BB1ABCB91800DB3ED1 /* RCTImage.xcodeproj */ = {isa = PBXFileReference; lastKnownFileType = "wrapper.pb-project"; name = RCTImage.xcodeproj; path = "../node_modules/react-native/Libraries/Image/RCTImage.xcodeproj"; sourceTree = "<group>"; };
		00C302D31ABCB9D200DB3ED1 /* RCTNetwork.xcodeproj */ = {isa = PBXFileReference; lastKnownFileType = "wrapper.pb-project"; name = RCTNetwork.xcodeproj; path = "../node_modules/react-native/Libraries/Network/RCTNetwork.xcodeproj"; sourceTree = "<group>"; };
		00C302DF1ABCB9EE00DB3ED1 /* RCTVibration.xcodeproj */ = {isa = PBXFileReference; lastKnownFileType = "wrapper.pb-project"; name = RCTVibration.xcodeproj; path = "../node_modules/react-native/Libraries/Vibration/RCTVibration.xcodeproj"; sourceTree = "<group>"; };
		00E356F11AD99517003FC87E /* Info.plist */ = {isa = PBXFileReference; lastKnownFileType = text.plist.xml; path = Info.plist; sourceTree = "<group>"; };
		00E356F21AD99517003FC87E /* trailsTests.m */ = {isa = PBXFileReference; lastKnownFileType = sourcecode.c.objc; path = trailsTests.m; sourceTree = "<group>"; };
		0723DCDCA9364F80A7D03783 /* CodePush.xcodeproj */ = {isa = PBXFileReference; explicitFileType = undefined; fileEncoding = 9; includeInIndex = 0; lastKnownFileType = "wrapper.pb-project"; name = CodePush.xcodeproj; path = "../node_modules/react-native-code-push/ios/CodePush.xcodeproj"; sourceTree = "<group>"; };
		139105B61AF99BAD00B5F7CC /* RCTSettings.xcodeproj */ = {isa = PBXFileReference; lastKnownFileType = "wrapper.pb-project"; name = RCTSettings.xcodeproj; path = "../node_modules/react-native/Libraries/Settings/RCTSettings.xcodeproj"; sourceTree = "<group>"; };
		139FDEE61B06529A00C62182 /* RCTWebSocket.xcodeproj */ = {isa = PBXFileReference; lastKnownFileType = "wrapper.pb-project"; name = RCTWebSocket.xcodeproj; path = "../node_modules/react-native/Libraries/WebSocket/RCTWebSocket.xcodeproj"; sourceTree = "<group>"; };
		13B07F961A680F5B00A75B9A /* trails.app */ = {isa = PBXFileReference; explicitFileType = wrapper.application; includeInIndex = 0; path = trails.app; sourceTree = BUILT_PRODUCTS_DIR; };
		13B07FAF1A68108700A75B9A /* AppDelegate.h */ = {isa = PBXFileReference; fileEncoding = 4; lastKnownFileType = sourcecode.c.h; name = AppDelegate.h; path = trails/AppDelegate.h; sourceTree = "<group>"; };
		13B07FB01A68108700A75B9A /* AppDelegate.m */ = {isa = PBXFileReference; fileEncoding = 4; lastKnownFileType = sourcecode.c.objc; name = AppDelegate.m; path = trails/AppDelegate.m; sourceTree = "<group>"; };
		13B07FB21A68108700A75B9A /* Base */ = {isa = PBXFileReference; lastKnownFileType = file.xib; name = Base; path = Base.lproj/LaunchScreen.xib; sourceTree = "<group>"; };
		13B07FB61A68108700A75B9A /* Info.plist */ = {isa = PBXFileReference; fileEncoding = 4; lastKnownFileType = text.plist.xml; name = Info.plist; path = trails/Info.plist; sourceTree = "<group>"; };
		13B07FB71A68108700A75B9A /* main.m */ = {isa = PBXFileReference; fileEncoding = 4; lastKnownFileType = sourcecode.c.objc; name = main.m; path = trails/main.m; sourceTree = "<group>"; };
		146833FF1AC3E56700842450 /* React.xcodeproj */ = {isa = PBXFileReference; lastKnownFileType = "wrapper.pb-project"; name = React.xcodeproj; path = "../node_modules/react-native/React/React.xcodeproj"; sourceTree = "<group>"; };
		19C54BB07FD040D5BE9EF5CE /* RNSVG.xcodeproj */ = {isa = PBXFileReference; explicitFileType = undefined; fileEncoding = 9; includeInIndex = 0; lastKnownFileType = "wrapper.pb-project"; name = RNSVG.xcodeproj; path = "../node_modules/react-native-svg/ios/RNSVG.xcodeproj"; sourceTree = "<group>"; };
		1AA7E4A7DFF84C04B14C4DBA /* ReactNativePermissions.xcodeproj */ = {isa = PBXFileReference; explicitFileType = undefined; fileEncoding = 9; includeInIndex = 0; lastKnownFileType = "wrapper.pb-project"; name = ReactNativePermissions.xcodeproj; path = "../node_modules/react-native-permissions/ReactNativePermissions.xcodeproj"; sourceTree = "<group>"; };
		2575883C59894B39B85A263D /* Contents.json */ = {isa = PBXFileReference; explicitFileType = undefined; fileEncoding = 9; includeInIndex = 0; lastKnownFileType = unknown; name = Contents.json; path = "../node_modules/react-native-nmrangeslider-ios/NMRangeSlider/Slider.xcassets/Contents.json"; sourceTree = "<group>"; };
		2B6EA8159E344126AE685864 /* RNFS.xcodeproj */ = {isa = PBXFileReference; explicitFileType = undefined; fileEncoding = 9; includeInIndex = 0; lastKnownFileType = "wrapper.pb-project"; name = RNFS.xcodeproj; path = "../node_modules/react-native-fs/RNFS.xcodeproj"; sourceTree = "<group>"; };
		2EE138DB8D7842DCA27C3536 /* libRNI18n.a */ = {isa = PBXFileReference; explicitFileType = undefined; fileEncoding = 9; includeInIndex = 0; lastKnownFileType = archive.ar; path = libRNI18n.a; sourceTree = "<group>"; };
		3F8BBA9A1F2B4D6E88692A00 /* libRNDeviceInfo.a */ = {isa = PBXFileReference; explicitFileType = undefined; fileEncoding = 9; includeInIndex = 0; lastKnownFileType = archive.ar; path = libRNDeviceInfo.a; sourceTree = "<group>"; };
		400393871AE74EF5AE82CD35 /* RNDeviceInfo.xcodeproj */ = {isa = PBXFileReference; explicitFileType = undefined; fileEncoding = 9; includeInIndex = 0; lastKnownFileType = "wrapper.pb-project"; name = RNDeviceInfo.xcodeproj; path = "../node_modules/react-native-device-info/RNDeviceInfo.xcodeproj"; sourceTree = "<group>"; };
		4317EFF9129449FA8B942A4E /* RNNMRangeSlider.xcodeproj */ = {isa = PBXFileReference; explicitFileType = undefined; fileEncoding = 9; includeInIndex = 0; lastKnownFileType = "wrapper.pb-project"; name = RNNMRangeSlider.xcodeproj; path = "../node_modules/react-native-nmrangeslider-ios/RNNMRangeSlider.xcodeproj"; sourceTree = "<group>"; };
		4D0418A4E1744EAEA9DEAC34 /* slider-default7-handle@2x.png */ = {isa = PBXFileReference; explicitFileType = undefined; fileEncoding = 9; includeInIndex = 0; lastKnownFileType = unknown; name = "slider-default7-handle@2x.png"; path = "../node_modules/react-native-nmrangeslider-ios/NMRangeSlider/Slider.xcassets/slider-default7-handle.imageset/slider-default7-handle@2x.png"; sourceTree = "<group>"; };
		6629E2031DF5BF3F003BCCA7 /* trails.entitlements */ = {isa = PBXFileReference; lastKnownFileType = text.plist.entitlements; name = trails.entitlements; path = trails/trails.entitlements; sourceTree = "<group>"; };
		6629E2041DF5BF47003BCCA7 /* MapKit.framework */ = {isa = PBXFileReference; lastKnownFileType = wrapper.framework; name = MapKit.framework; path = System/Library/Frameworks/MapKit.framework; sourceTree = SDKROOT; };
		66BD7C6A1DF7A7A500B913CF /* RCTAnimation.xcodeproj */ = {isa = PBXFileReference; lastKnownFileType = "wrapper.pb-project"; name = RCTAnimation.xcodeproj; path = "../node_modules/react-native/Libraries/NativeAnimation/RCTAnimation.xcodeproj"; sourceTree = "<group>"; };
		66BD7CA41DF7A7E000B913CF /* NativeAnimation */ = {isa = PBXFileReference; lastKnownFileType = folder; name = NativeAnimation; path = "../node_modules/react-native/Libraries/NativeAnimation"; sourceTree = "<group>"; };
		66BD7CA81DF7A89700B913CF /* RCTAnimation.xcodeproj */ = {isa = PBXFileReference; lastKnownFileType = "wrapper.pb-project"; name = RCTAnimation.xcodeproj; path = "../node_modules/react-native/Libraries/NativeAnimation/RCTAnimation.xcodeproj"; sourceTree = "<group>"; };
		66DA39D41DDD78550058CA64 /* CoreMotion.framework */ = {isa = PBXFileReference; lastKnownFileType = wrapper.framework; name = CoreMotion.framework; path = System/Library/Frameworks/CoreMotion.framework; sourceTree = SDKROOT; };
		7020DF2A10664F759901E479 /* libRNLocation.a */ = {isa = PBXFileReference; explicitFileType = undefined; fileEncoding = 9; includeInIndex = 0; lastKnownFileType = archive.ar; path = libRNLocation.a; sourceTree = "<group>"; };
		7211CCD85F2D4D0DB774BEA5 /* slider-default7-trackBackground@2x.png */ = {isa = PBXFileReference; explicitFileType = undefined; fileEncoding = 9; includeInIndex = 0; lastKnownFileType = unknown; name = "slider-default7-trackBackground@2x.png"; path = "../node_modules/react-native-nmrangeslider-ios/NMRangeSlider/Slider.xcassets/slider-default7-trackBackground.imageset/slider-default7-trackBackground@2x.png"; sourceTree = "<group>"; };
		78C398B01ACF4ADC00677621 /* RCTLinking.xcodeproj */ = {isa = PBXFileReference; lastKnownFileType = "wrapper.pb-project"; name = RCTLinking.xcodeproj; path = "../node_modules/react-native/Libraries/LinkingIOS/RCTLinking.xcodeproj"; sourceTree = "<group>"; };
		7B2ADF0CE89448619E4B1C77 /* RNImagePicker.xcodeproj */ = {isa = PBXFileReference; explicitFileType = undefined; fileEncoding = 9; includeInIndex = 0; lastKnownFileType = "wrapper.pb-project"; name = RNImagePicker.xcodeproj; path = "../node_modules/react-native-image-picker/ios/RNImagePicker.xcodeproj"; sourceTree = "<group>"; };
		832341B01AAA6A8300B99B32 /* RCTText.xcodeproj */ = {isa = PBXFileReference; lastKnownFileType = "wrapper.pb-project"; name = RCTText.xcodeproj; path = "../node_modules/react-native/Libraries/Text/RCTText.xcodeproj"; sourceTree = "<group>"; };
		8BBA25F4E60C462AB64DF279 /* RNLocation.xcodeproj */ = {isa = PBXFileReference; explicitFileType = undefined; fileEncoding = 9; includeInIndex = 0; lastKnownFileType = "wrapper.pb-project"; name = RNLocation.xcodeproj; path = "../node_modules/react-native-location/RNLocation.xcodeproj"; sourceTree = "<group>"; };
		8EBD2EB01E5D9AD100392C92 /* zh-Hans */ = {isa = PBXFileReference; lastKnownFileType = text.plist.strings; name = "zh-Hans"; path = "zh-Hans.lproj/LaunchScreen.strings"; sourceTree = "<group>"; };
		8EBD2EB21E5D9AE800392C92 /* zh-Hans */ = {isa = PBXFileReference; lastKnownFileType = text.plist.strings; name = "zh-Hans"; path = "zh-Hans.lproj/InfoPlist.strings"; sourceTree = "<group>"; };
		8EBD2EB51E5D9AF000392C92 /* Base */ = {isa = PBXFileReference; lastKnownFileType = text.plist.strings; name = Base; path = Base.lproj/InfoPlist.strings; sourceTree = "<group>"; };
		8EFCC0DD1D771C5A007F5341 /* Images.xcassets */ = {isa = PBXFileReference; lastKnownFileType = folder.assetcatalog; name = Images.xcassets; path = trails/Images.xcassets; sourceTree = "<group>"; };
		9A5579841D48FAC70046CE62 /* Slider.xcassets */ = {isa = PBXFileReference; lastKnownFileType = folder.assetcatalog; name = Slider.xcassets; path = "../node_modules/react-native-nmrangeslider-ios/NMRangeSlider/Slider.xcassets"; sourceTree = "<group>"; };
		9A6CDCFB1D5AF71E009E2D5D /* RCTTest.xcodeproj */ = {isa = PBXFileReference; lastKnownFileType = "wrapper.pb-project"; name = RCTTest.xcodeproj; path = "../node_modules/react-native/Libraries/RCTTest/RCTTest.xcodeproj"; sourceTree = "<group>"; };
		9A90389A1D488D0000055558 /* RCTCameraRoll.xcodeproj */ = {isa = PBXFileReference; lastKnownFileType = "wrapper.pb-project"; name = RCTCameraRoll.xcodeproj; path = "../node_modules/react-native/Libraries/CameraRoll/RCTCameraRoll.xcodeproj"; sourceTree = "<group>"; };
		9A9038A11D48AFBF00055558 /* ART.xcodeproj */ = {isa = PBXFileReference; lastKnownFileType = "wrapper.pb-project"; name = ART.xcodeproj; path = "../node_modules/react-native/Libraries/ART/ART.xcodeproj"; sourceTree = "<group>"; };
		9AD2B9A51D59F6AD00F2B4A5 /* RCTWeChat.xcodeproj */ = {isa = PBXFileReference; lastKnownFileType = "wrapper.pb-project"; name = RCTWeChat.xcodeproj; path = "../node_modules/react-native-wechat/ios/RCTWeChat.xcodeproj"; sourceTree = "<group>"; };
		9AD2B9BC1D59F6FB00F2B4A5 /* SystemConfiguration.framework */ = {isa = PBXFileReference; lastKnownFileType = wrapper.framework; name = SystemConfiguration.framework; path = System/Library/Frameworks/SystemConfiguration.framework; sourceTree = SDKROOT; };
		9AD2B9BE1D59F70800F2B4A5 /* CoreTelephony.framework */ = {isa = PBXFileReference; lastKnownFileType = wrapper.framework; name = CoreTelephony.framework; path = System/Library/Frameworks/CoreTelephony.framework; sourceTree = SDKROOT; };
		9AD2B9C01D59F71000F2B4A5 /* libsqlite3.tbd */ = {isa = PBXFileReference; lastKnownFileType = "sourcecode.text-based-dylib-definition"; name = libsqlite3.tbd; path = usr/lib/libsqlite3.tbd; sourceTree = SDKROOT; };
		9AD2B9C21D59F71F00F2B4A5 /* libc++.tbd */ = {isa = PBXFileReference; lastKnownFileType = "sourcecode.text-based-dylib-definition"; name = "libc++.tbd"; path = "usr/lib/libc++.tbd"; sourceTree = SDKROOT; };
		9AD2B9C41D59F72900F2B4A5 /* libz.tbd */ = {isa = PBXFileReference; lastKnownFileType = "sourcecode.text-based-dylib-definition"; name = libz.tbd; path = usr/lib/libz.tbd; sourceTree = SDKROOT; };
		9B865EBBDC2C41A3B2AAA8F7 /* libAlipayModule.a */ = {isa = PBXFileReference; explicitFileType = undefined; fileEncoding = 9; includeInIndex = 0; lastKnownFileType = archive.ar; path = libAlipayModule.a; sourceTree = "<group>"; };
		B31CBB7D5D514D799A8BBB61 /* slider-default7-trackCrossedOver@2x.png */ = {isa = PBXFileReference; explicitFileType = undefined; fileEncoding = 9; includeInIndex = 0; lastKnownFileType = unknown; name = "slider-default7-trackCrossedOver@2x.png"; path = "../node_modules/react-native-nmrangeslider-ios/NMRangeSlider/Slider.xcassets/slider-default7-trackCrossedOver.imageset/slider-default7-trackCrossedOver@2x.png"; sourceTree = "<group>"; };
		CAD370287A754DE8924E6BD4 /* AirMaps.xcodeproj */ = {isa = PBXFileReference; explicitFileType = undefined; fileEncoding = 9; includeInIndex = 0; lastKnownFileType = "wrapper.pb-project"; name = AirMaps.xcodeproj; path = "../node_modules/react-native-maps/ios/AirMaps.xcodeproj"; sourceTree = "<group>"; };
		CDCB7BAEBD744AC6BEE958E4 /* libRNFS.a */ = {isa = PBXFileReference; explicitFileType = undefined; fileEncoding = 9; includeInIndex = 0; lastKnownFileType = archive.ar; path = libRNFS.a; sourceTree = "<group>"; };
		CED4471195E74DF6A11AE311 /* libAirMaps.a */ = {isa = PBXFileReference; explicitFileType = undefined; fileEncoding = 9; includeInIndex = 0; lastKnownFileType = archive.ar; path = libAirMaps.a; sourceTree = "<group>"; };
		D87C156366754BB69DC49822 /* libReactNativePermissions.a */ = {isa = PBXFileReference; explicitFileType = undefined; fileEncoding = 9; includeInIndex = 0; lastKnownFileType = archive.ar; path = libReactNativePermissions.a; sourceTree = "<group>"; };
		DB7E23F3966C43E58E4AD20E /* libRNSVG.a */ = {isa = PBXFileReference; explicitFileType = undefined; fileEncoding = 9; includeInIndex = 0; lastKnownFileType = archive.ar; path = libRNSVG.a; sourceTree = "<group>"; };
		E210699092A841EAABDA630E /* slider-default7-track@2x.png */ = {isa = PBXFileReference; explicitFileType = undefined; fileEncoding = 9; includeInIndex = 0; lastKnownFileType = unknown; name = "slider-default7-track@2x.png"; path = "../node_modules/react-native-nmrangeslider-ios/NMRangeSlider/Slider.xcassets/slider-default7-track.imageset/slider-default7-track@2x.png"; sourceTree = "<group>"; };
		EAC7ADD03CF149A6B4BAF257 /* libCodePush.a */ = {isa = PBXFileReference; explicitFileType = undefined; fileEncoding = 9; includeInIndex = 0; lastKnownFileType = archive.ar; path = libCodePush.a; sourceTree = "<group>"; };
		EF5AABA5E93645D1AE149383 /* RNI18n.xcodeproj */ = {isa = PBXFileReference; explicitFileType = undefined; fileEncoding = 9; includeInIndex = 0; lastKnownFileType = "wrapper.pb-project"; name = RNI18n.xcodeproj; path = "../node_modules/react-native-i18n/RNI18n.xcodeproj"; sourceTree = "<group>"; };
		F59EF16234D44490834446F4 /* AlipayModule.xcodeproj */ = {isa = PBXFileReference; explicitFileType = undefined; fileEncoding = 9; includeInIndex = 0; lastKnownFileType = "wrapper.pb-project"; name = AlipayModule.xcodeproj; path = "../node_modules/react-native-yunpeng-alipay/ios/AlipayModule.xcodeproj"; sourceTree = "<group>"; };
		F935140FBEC04A438518EC8C /* libRNImagePicker.a */ = {isa = PBXFileReference; explicitFileType = undefined; fileEncoding = 9; includeInIndex = 0; lastKnownFileType = archive.ar; path = libRNImagePicker.a; sourceTree = "<group>"; };
		FABF7D0CDE38472098F0B901 /* libRNNMRangeSlider.a */ = {isa = PBXFileReference; explicitFileType = undefined; fileEncoding = 9; includeInIndex = 0; lastKnownFileType = archive.ar; path = libRNNMRangeSlider.a; sourceTree = "<group>"; };
/* End PBXFileReference section */

/* Begin PBXFrameworksBuildPhase section */
		13B07F8C1A680F5B00A75B9A /* Frameworks */ = {
			isa = PBXFrameworksBuildPhase;
			buildActionMask = 2147483647;
			files = (
				66BD7CB11DF7A95A00B913CF /* libRCTAnimation.a in Frameworks */,
				66DA39D51DDD78550058CA64 /* CoreMotion.framework in Frameworks */,
				9AD2B9C51D59F72900F2B4A5 /* libz.tbd in Frameworks */,
				9AD2B9C31D59F71F00F2B4A5 /* libc++.tbd in Frameworks */,
				9AD2B9C11D59F71000F2B4A5 /* libsqlite3.tbd in Frameworks */,
				9AD2B9BF1D59F70800F2B4A5 /* CoreTelephony.framework in Frameworks */,
				9AD2B9BD1D59F6FB00F2B4A5 /* SystemConfiguration.framework in Frameworks */,
				9AD2B9BB1D59F6EC00F2B4A5 /* libRCTWeChat.a in Frameworks */,
				9A9038A71D48B02500055558 /* libART.a in Frameworks */,
				9A9038A01D488D2D00055558 /* libRCTCameraRoll.a in Frameworks */,
				146834051AC3E58100842450 /* libReact.a in Frameworks */,
				00C302E51ABCBA2D00DB3ED1 /* libRCTActionSheet.a in Frameworks */,
				00C302E71ABCBA2D00DB3ED1 /* libRCTGeolocation.a in Frameworks */,
				00C302E81ABCBA2D00DB3ED1 /* libRCTImage.a in Frameworks */,
				133E29F31AD74F7200F7D852 /* libRCTLinking.a in Frameworks */,
				00C302E91ABCBA2D00DB3ED1 /* libRCTNetwork.a in Frameworks */,
				139105C61AF99C1200B5F7CC /* libRCTSettings.a in Frameworks */,
				832341BD1AAA6AB300B99B32 /* libRCTText.a in Frameworks */,
				00C302EA1ABCBA2D00DB3ED1 /* libRCTVibration.a in Frameworks */,
				139FDEF61B0652A700C62182 /* libRCTWebSocket.a in Frameworks */,
				1206EE6307EF461C95D2027C /* libRNDeviceInfo.a in Frameworks */,
				12671B9CFF524523A5BD2246 /* libRNImagePicker.a in Frameworks */,
				D361FCB16F1D4927B6B499F6 /* libRNSVG.a in Frameworks */,
				6629E2051DF5BF47003BCCA7 /* MapKit.framework in Frameworks */,
				BE214934FE4342E4BF1EB538 /* libRNNMRangeSlider.a in Frameworks */,
				3EA49C5208EB42F48D3A211B /* libCodePush.a in Frameworks */,
				858BB218DA1C43A4A7DF2AB6 /* libAirMaps.a in Frameworks */,
				32BDCBE99CD94B47A6C9B0BD /* libRNLocation.a in Frameworks */,
				7EFE99E4F336498D8B28AE94 /* libRNFS.a in Frameworks */,
				C70B2D40DC6D49CA86FD9122 /* libAlipayModule.a in Frameworks */,
				A6DC4B194CBD43388AEB9E56 /* libRNI18n.a in Frameworks */,
				A4E4DE90FCD645F285C96A03 /* libReactNativePermissions.a in Frameworks */,
			);
			runOnlyForDeploymentPostprocessing = 0;
		};
/* End PBXFrameworksBuildPhase section */

/* Begin PBXGroup section */
		00C302A81ABCB8CE00DB3ED1 /* Products */ = {
			isa = PBXGroup;
			children = (
				00C302AC1ABCB8CE00DB3ED1 /* libRCTActionSheet.a */,
			);
			name = Products;
			sourceTree = "<group>";
		};
		00C302B61ABCB90400DB3ED1 /* Products */ = {
			isa = PBXGroup;
			children = (
				00C302BA1ABCB90400DB3ED1 /* libRCTGeolocation.a */,
			);
			name = Products;
			sourceTree = "<group>";
		};
		00C302BC1ABCB91800DB3ED1 /* Products */ = {
			isa = PBXGroup;
			children = (
				00C302C01ABCB91800DB3ED1 /* libRCTImage.a */,
				66BD7C7D1DF7A7A500B913CF /* libRCTImage-tvOS.a */,
			);
			name = Products;
			sourceTree = "<group>";
		};
		00C302D41ABCB9D200DB3ED1 /* Products */ = {
			isa = PBXGroup;
			children = (
				00C302DC1ABCB9D200DB3ED1 /* libRCTNetwork.a */,
				66BD7C851DF7A7A500B913CF /* libRCTNetwork-tvOS.a */,
			);
			name = Products;
			sourceTree = "<group>";
		};
		00C302E01ABCB9EE00DB3ED1 /* Products */ = {
			isa = PBXGroup;
			children = (
				00C302E41ABCB9EE00DB3ED1 /* libRCTVibration.a */,
			);
			name = Products;
			sourceTree = "<group>";
		};
		00E356EF1AD99517003FC87E /* trailsTests */ = {
			isa = PBXGroup;
			children = (
				00E356F21AD99517003FC87E /* trailsTests.m */,
				00E356F01AD99517003FC87E /* Supporting Files */,
			);
			path = trailsTests;
			sourceTree = "<group>";
		};
		00E356F01AD99517003FC87E /* Supporting Files */ = {
			isa = PBXGroup;
			children = (
				00E356F11AD99517003FC87E /* Info.plist */,
			);
			name = "Supporting Files";
			sourceTree = "<group>";
		};
		139105B71AF99BAD00B5F7CC /* Products */ = {
			isa = PBXGroup;
			children = (
				139105C11AF99BAD00B5F7CC /* libRCTSettings.a */,
				66BD7C891DF7A7A500B913CF /* libRCTSettings-tvOS.a */,
			);
			name = Products;
			sourceTree = "<group>";
		};
		139FDEE71B06529A00C62182 /* Products */ = {
			isa = PBXGroup;
			children = (
				139FDEF41B06529B00C62182 /* libRCTWebSocket.a */,
				66BD7C961DF7A7A500B913CF /* libRCTWebSocket-tvOS.a */,
			);
			name = Products;
			sourceTree = "<group>";
		};
		13B07FAE1A68108700A75B9A /* trails */ = {
			isa = PBXGroup;
			children = (
				6629E2031DF5BF3F003BCCA7 /* trails.entitlements */,
				008F07F21AC5B25A0029DE68 /* main.jsbundle */,
				13B07FAF1A68108700A75B9A /* AppDelegate.h */,
				13B07FB01A68108700A75B9A /* AppDelegate.m */,
				13B07FB61A68108700A75B9A /* Info.plist */,
				13B07FB11A68108700A75B9A /* LaunchScreen.xib */,
				13B07FB71A68108700A75B9A /* main.m */,
				8EFCC0DD1D771C5A007F5341 /* Images.xcassets */,
				8EBD2EB31E5D9AE800392C92 /* InfoPlist.strings */,
			);
			name = trails;
			sourceTree = "<group>";
		};
		146834001AC3E56700842450 /* Products */ = {
			isa = PBXGroup;
			children = (
				146834041AC3E56700842450 /* libReact.a */,
				66BD7C9B1DF7A7A500B913CF /* libReact-tvOS.a */,
			);
			name = Products;
			sourceTree = "<group>";
		};
		5065983273F94F9A8E298120 /* Frameworks */ = {
			isa = PBXGroup;
			children = (
				66BD7CA41DF7A7E000B913CF /* NativeAnimation */,
				66BD7C6A1DF7A7A500B913CF /* RCTAnimation.xcodeproj */,
				6629E2041DF5BF47003BCCA7 /* MapKit.framework */,
				66DA39D41DDD78550058CA64 /* CoreMotion.framework */,
			);
			name = Frameworks;
			sourceTree = "<group>";
		};
		667D57DA1DDD3E1300DC6E2F /* Products */ = {
			isa = PBXGroup;
			children = (
				667D57DF1DDD3E1300DC6E2F /* libAlipayModule.a */,
			);
			name = Products;
			sourceTree = "<group>";
		};
		6693FCCF1DE6E27E00832941 /* Products */ = {
			isa = PBXGroup;
			children = (
				6693FCE71DE6E27E00832941 /* libRNI18n.a */,
				6693FCE91DE6E27E00832941 /* RNI18nTests.xctest */,
			);
			name = Products;
			sourceTree = "<group>";
		};
		66BD7C6B1DF7A7A500B913CF /* Products */ = {
			isa = PBXGroup;
			children = (
				66BD7C751DF7A7A500B913CF /* libRCTAnimation.a */,
				66BD7C771DF7A7A500B913CF /* libRCTAnimation-tvOS.a */,
			);
			name = Products;
			sourceTree = "<group>";
		};
		66BD7CA91DF7A89700B913CF /* Products */ = {
			isa = PBXGroup;
			children = (
				66BD7CAE1DF7A89700B913CF /* libRCTAnimation.a */,
				66BD7CB01DF7A89700B913CF /* libRCTAnimation-tvOS.a */,
			);
			name = Products;
			sourceTree = "<group>";
		};
		78C398B11ACF4ADC00677621 /* Products */ = {
			isa = PBXGroup;
			children = (
				78C398B91ACF4ADC00677621 /* libRCTLinking.a */,
				66BD7C811DF7A7A500B913CF /* libRCTLinking-tvOS.a */,
			);
			name = Products;
			sourceTree = "<group>";
		};
		832341AE1AAA6A7D00B99B32 /* Libraries */ = {
			isa = PBXGroup;
			children = (
				CAD370287A754DE8924E6BD4 /* AirMaps.xcodeproj */,
				F59EF16234D44490834446F4 /* AlipayModule.xcodeproj */,
				9A9038A11D48AFBF00055558 /* ART.xcodeproj */,
				0723DCDCA9364F80A7D03783 /* CodePush.xcodeproj */,
				146833FF1AC3E56700842450 /* React.xcodeproj */,
				00C302A71ABCB8CE00DB3ED1 /* RCTActionSheet.xcodeproj */,
				66BD7CA81DF7A89700B913CF /* RCTAnimation.xcodeproj */,
				9A90389A1D488D0000055558 /* RCTCameraRoll.xcodeproj */,
				400393871AE74EF5AE82CD35 /* RNDeviceInfo.xcodeproj */,
				00C302B51ABCB90400DB3ED1 /* RCTGeolocation.xcodeproj */,
				00C302BB1ABCB91800DB3ED1 /* RCTImage.xcodeproj */,
				7B2ADF0CE89448619E4B1C77 /* RNImagePicker.xcodeproj */,
				78C398B01ACF4ADC00677621 /* RCTLinking.xcodeproj */,
				00C302D31ABCB9D200DB3ED1 /* RCTNetwork.xcodeproj */,
				139105B61AF99BAD00B5F7CC /* RCTSettings.xcodeproj */,
				832341B01AAA6A8300B99B32 /* RCTText.xcodeproj */,
				9A6CDCFB1D5AF71E009E2D5D /* RCTTest.xcodeproj */,
				00C302DF1ABCB9EE00DB3ED1 /* RCTVibration.xcodeproj */,
				139FDEE61B06529A00C62182 /* RCTWebSocket.xcodeproj */,
				9AD2B9A51D59F6AD00F2B4A5 /* RCTWeChat.xcodeproj */,
				2B6EA8159E344126AE685864 /* RNFS.xcodeproj */,
				EF5AABA5E93645D1AE149383 /* RNI18n.xcodeproj */,
				8BBA25F4E60C462AB64DF279 /* RNLocation.xcodeproj */,
				4317EFF9129449FA8B942A4E /* RNNMRangeSlider.xcodeproj */,
				19C54BB07FD040D5BE9EF5CE /* RNSVG.xcodeproj */,
				9AD2B9C41D59F72900F2B4A5 /* libz.tbd */,
				9AD2B9C21D59F71F00F2B4A5 /* libc++.tbd */,
				9AD2B9C01D59F71000F2B4A5 /* libsqlite3.tbd */,
				9AD2B9BE1D59F70800F2B4A5 /* CoreTelephony.framework */,
				9AD2B9BC1D59F6FB00F2B4A5 /* SystemConfiguration.framework */,
				1AA7E4A7DFF84C04B14C4DBA /* ReactNativePermissions.xcodeproj */,
			);
			name = Libraries;
			sourceTree = "<group>";
		};
		832341B11AAA6A8300B99B32 /* Products */ = {
			isa = PBXGroup;
			children = (
				832341B51AAA6A8300B99B32 /* libRCTText.a */,
				66BD7C911DF7A7A500B913CF /* libRCTText-tvOS.a */,
			);
			name = Products;
			sourceTree = "<group>";
		};
		83CBB9F61A601CBA00E9B192 = {
			isa = PBXGroup;
			children = (
				13B07FAE1A68108700A75B9A /* trails */,
				832341AE1AAA6A7D00B99B32 /* Libraries */,
				00E356EF1AD99517003FC87E /* trailsTests */,
				83CBBA001A601CBA00E9B192 /* Products */,
				B01258D6BB71428F8A28348B /* Resources */,
				5065983273F94F9A8E298120 /* Frameworks */,
			);
			indentWidth = 2;
			sourceTree = "<group>";
			tabWidth = 2;
		};
		83CBBA001A601CBA00E9B192 /* Products */ = {
			isa = PBXGroup;
			children = (
				13B07F961A680F5B00A75B9A /* trails.app */,
			);
			name = Products;
			sourceTree = "<group>";
		};
		8E24D40C1DCA283C0017B275 /* Products */ = {
			isa = PBXGroup;
			children = (
				8E24D4211DCA283C0017B275 /* libRNFS.a */,
			);
			name = Products;
			sourceTree = "<group>";
		};
		8E39F5871E5D88ED004FEC89 /* Products */ = {
			isa = PBXGroup;
			children = (
				8E39F5A81E5D88ED004FEC89 /* libReactNativePermissions.a */,
			);
			name = Products;
			sourceTree = "<group>";
		};
		8EBAEEE41D6F47B10036A453 /* Products */ = {
			isa = PBXGroup;
			children = (
				8EBAEEFA1D6F47B10036A453 /* libRNLocation.a */,
			);
			name = Products;
			sourceTree = "<group>";
		};
		9A5579701D48FA7B0046CE62 /* Products */ = {
			isa = PBXGroup;
			children = (
				9A5579821D48FA7D0046CE62 /* libRNNMRangeSlider.a */,
			);
			name = Products;
			sourceTree = "<group>";
		};
		9A6CDCE51D5AF57B009E2D5D /* Products */ = {
			isa = PBXGroup;
			children = (
				9A6CDCEA1D5AF57B009E2D5D /* libCodePush.a */,
			);
			name = Products;
			sourceTree = "<group>";
		};
		9A6CDCFC1D5AF71E009E2D5D /* Products */ = {
			isa = PBXGroup;
			children = (
				9A6CDD001D5AF71E009E2D5D /* libRCTTest.a */,
				66BD7C8D1DF7A7A500B913CF /* libRCTTest-tvOS.a */,
			);
			name = Products;
			sourceTree = "<group>";
		};
		9A9038811D488CAF00055558 /* Products */ = {
			isa = PBXGroup;
			children = (
				9A9038961D488CB000055558 /* libRNImagePicker.a */,
			);
			name = Products;
			sourceTree = "<group>";
		};
		9A9038831D488CAF00055558 /* Products */ = {
			isa = PBXGroup;
			children = (
				9A9038991D488CB000055558 /* libRNSVG.a */,
			);
			name = Products;
			sourceTree = "<group>";
		};
		9A9038851D488CAF00055558 /* Products */ = {
			isa = PBXGroup;
			children = (
				9A9038931D488CB000055558 /* libRNDeviceInfo.a */,
			);
			name = Products;
			sourceTree = "<group>";
		};
		9A90389B1D488D0000055558 /* Products */ = {
			isa = PBXGroup;
			children = (
				9A90389F1D488D0000055558 /* libRCTCameraRoll.a */,
			);
			name = Products;
			sourceTree = "<group>";
		};
		9A9038A21D48AFBF00055558 /* Products */ = {
			isa = PBXGroup;
			children = (
				9A9038A61D48AFBF00055558 /* libART.a */,
			);
			name = Products;
			sourceTree = "<group>";
		};
		9ABD57BE1D5F761A0020FC1E /* Products */ = {
			isa = PBXGroup;
			children = (
				9ABD57C21D5F761A0020FC1E /* libAirMaps.a */,
			);
			name = Products;
			sourceTree = "<group>";
		};
		9AD2B9A61D59F6AD00F2B4A5 /* Products */ = {
			isa = PBXGroup;
			children = (
				9AD2B9B51D59F6AD00F2B4A5 /* libRCTWeChat.a */,
			);
			name = Products;
			sourceTree = "<group>";
		};
		B01258D6BB71428F8A28348B /* Resources */ = {
			isa = PBXGroup;
			children = (
				9A5579841D48FAC70046CE62 /* Slider.xcassets */,
				2575883C59894B39B85A263D /* Contents.json */,
				4D0418A4E1744EAEA9DEAC34 /* slider-default7-handle@2x.png */,
				E210699092A841EAABDA630E /* slider-default7-track@2x.png */,
				7211CCD85F2D4D0DB774BEA5 /* slider-default7-trackBackground@2x.png */,
				B31CBB7D5D514D799A8BBB61 /* slider-default7-trackCrossedOver@2x.png */,
			);
			name = Resources;
			sourceTree = "<group>";
		};
/* End PBXGroup section */

/* Begin PBXNativeTarget section */
		13B07F861A680F5B00A75B9A /* trails */ = {
			isa = PBXNativeTarget;
			buildConfigurationList = 13B07F931A680F5B00A75B9A /* Build configuration list for PBXNativeTarget "trails" */;
			buildPhases = (
				13B07F871A680F5B00A75B9A /* Sources */,
				13B07F8C1A680F5B00A75B9A /* Frameworks */,
				13B07F8E1A680F5B00A75B9A /* Resources */,
				00DD1BFF1BD5951E006B06BC /* Bundle React Native code and images */,
			);
			buildRules = (
			);
			dependencies = (
			);
			name = trails;
			productName = "Hello World";
			productReference = 13B07F961A680F5B00A75B9A /* trails.app */;
			productType = "com.apple.product-type.application";
		};
/* End PBXNativeTarget section */

/* Begin PBXProject section */
		83CBB9F71A601CBA00E9B192 /* Project object */ = {
			isa = PBXProject;
			attributes = {
				CLASSPREFIX = yipao;
				LastUpgradeCheck = 800;
				ORGANIZATIONNAME = "Yipao Ltd.";
				TargetAttributes = {
					13B07F861A680F5B00A75B9A = {
						DevelopmentTeam = 2K4768P5TL;
						SystemCapabilities = {
							com.apple.BackgroundModes = {
								enabled = 1;
							};
							com.apple.Maps.iOS = {
								enabled = 1;
							};
							com.apple.Push = {
								enabled = 1;
							};
						};
					};
				};
			};
			buildConfigurationList = 83CBB9FA1A601CBA00E9B192 /* Build configuration list for PBXProject "trails" */;
			compatibilityVersion = "Xcode 6.3";
			developmentRegion = English;
			hasScannedForEncodings = 0;
			knownRegions = (
				en,
				Base,
			);
			mainGroup = 83CBB9F61A601CBA00E9B192;
			productRefGroup = 83CBBA001A601CBA00E9B192 /* Products */;
			projectDirPath = "";
			projectReferences = (
				{
					ProductGroup = 9ABD57BE1D5F761A0020FC1E /* Products */;
					ProjectRef = CAD370287A754DE8924E6BD4 /* AirMaps.xcodeproj */;
				},
				{
					ProductGroup = 667D57DA1DDD3E1300DC6E2F /* Products */;
					ProjectRef = F59EF16234D44490834446F4 /* AlipayModule.xcodeproj */;
				},
				{
					ProductGroup = 9A9038A21D48AFBF00055558 /* Products */;
					ProjectRef = 9A9038A11D48AFBF00055558 /* ART.xcodeproj */;
				},
				{
					ProductGroup = 9A6CDCE51D5AF57B009E2D5D /* Products */;
					ProjectRef = 0723DCDCA9364F80A7D03783 /* CodePush.xcodeproj */;
				},
				{
					ProductGroup = 00C302A81ABCB8CE00DB3ED1 /* Products */;
					ProjectRef = 00C302A71ABCB8CE00DB3ED1 /* RCTActionSheet.xcodeproj */;
				},
				{
					ProductGroup = 66BD7C6B1DF7A7A500B913CF /* Products */;
					ProjectRef = 66BD7C6A1DF7A7A500B913CF /* RCTAnimation.xcodeproj */;
				},
				{
					ProductGroup = 66BD7CA91DF7A89700B913CF /* Products */;
					ProjectRef = 66BD7CA81DF7A89700B913CF /* RCTAnimation.xcodeproj */;
				},
				{
					ProductGroup = 9A90389B1D488D0000055558 /* Products */;
					ProjectRef = 9A90389A1D488D0000055558 /* RCTCameraRoll.xcodeproj */;
				},
				{
					ProductGroup = 00C302B61ABCB90400DB3ED1 /* Products */;
					ProjectRef = 00C302B51ABCB90400DB3ED1 /* RCTGeolocation.xcodeproj */;
				},
				{
					ProductGroup = 00C302BC1ABCB91800DB3ED1 /* Products */;
					ProjectRef = 00C302BB1ABCB91800DB3ED1 /* RCTImage.xcodeproj */;
				},
				{
					ProductGroup = 78C398B11ACF4ADC00677621 /* Products */;
					ProjectRef = 78C398B01ACF4ADC00677621 /* RCTLinking.xcodeproj */;
				},
				{
					ProductGroup = 00C302D41ABCB9D200DB3ED1 /* Products */;
					ProjectRef = 00C302D31ABCB9D200DB3ED1 /* RCTNetwork.xcodeproj */;
				},
				{
					ProductGroup = 139105B71AF99BAD00B5F7CC /* Products */;
					ProjectRef = 139105B61AF99BAD00B5F7CC /* RCTSettings.xcodeproj */;
				},
				{
					ProductGroup = 9A6CDCFC1D5AF71E009E2D5D /* Products */;
					ProjectRef = 9A6CDCFB1D5AF71E009E2D5D /* RCTTest.xcodeproj */;
				},
				{
					ProductGroup = 832341B11AAA6A8300B99B32 /* Products */;
					ProjectRef = 832341B01AAA6A8300B99B32 /* RCTText.xcodeproj */;
				},
				{
					ProductGroup = 00C302E01ABCB9EE00DB3ED1 /* Products */;
					ProjectRef = 00C302DF1ABCB9EE00DB3ED1 /* RCTVibration.xcodeproj */;
				},
				{
					ProductGroup = 139FDEE71B06529A00C62182 /* Products */;
					ProjectRef = 139FDEE61B06529A00C62182 /* RCTWebSocket.xcodeproj */;
				},
				{
					ProductGroup = 9AD2B9A61D59F6AD00F2B4A5 /* Products */;
					ProjectRef = 9AD2B9A51D59F6AD00F2B4A5 /* RCTWeChat.xcodeproj */;
				},
				{
					ProductGroup = 146834001AC3E56700842450 /* Products */;
					ProjectRef = 146833FF1AC3E56700842450 /* React.xcodeproj */;
				},
				{
					ProductGroup = 8E39F5871E5D88ED004FEC89 /* Products */;
					ProjectRef = 1AA7E4A7DFF84C04B14C4DBA /* ReactNativePermissions.xcodeproj */;
				},
				{
					ProductGroup = 9A9038851D488CAF00055558 /* Products */;
					ProjectRef = 400393871AE74EF5AE82CD35 /* RNDeviceInfo.xcodeproj */;
				},
				{
					ProductGroup = 8E24D40C1DCA283C0017B275 /* Products */;
					ProjectRef = 2B6EA8159E344126AE685864 /* RNFS.xcodeproj */;
				},
				{
					ProductGroup = 6693FCCF1DE6E27E00832941 /* Products */;
					ProjectRef = EF5AABA5E93645D1AE149383 /* RNI18n.xcodeproj */;
				},
				{
					ProductGroup = 9A9038811D488CAF00055558 /* Products */;
					ProjectRef = 7B2ADF0CE89448619E4B1C77 /* RNImagePicker.xcodeproj */;
				},
				{
					ProductGroup = 8EBAEEE41D6F47B10036A453 /* Products */;
					ProjectRef = 8BBA25F4E60C462AB64DF279 /* RNLocation.xcodeproj */;
				},
				{
					ProductGroup = 9A5579701D48FA7B0046CE62 /* Products */;
					ProjectRef = 4317EFF9129449FA8B942A4E /* RNNMRangeSlider.xcodeproj */;
				},
				{
					ProductGroup = 9A9038831D488CAF00055558 /* Products */;
					ProjectRef = 19C54BB07FD040D5BE9EF5CE /* RNSVG.xcodeproj */;
				},
			);
			projectRoot = "";
			targets = (
				13B07F861A680F5B00A75B9A /* trails */,
			);
		};
/* End PBXProject section */

/* Begin PBXReferenceProxy section */
		00C302AC1ABCB8CE00DB3ED1 /* libRCTActionSheet.a */ = {
			isa = PBXReferenceProxy;
			fileType = archive.ar;
			path = libRCTActionSheet.a;
			remoteRef = 00C302AB1ABCB8CE00DB3ED1 /* PBXContainerItemProxy */;
			sourceTree = BUILT_PRODUCTS_DIR;
		};
		00C302BA1ABCB90400DB3ED1 /* libRCTGeolocation.a */ = {
			isa = PBXReferenceProxy;
			fileType = archive.ar;
			path = libRCTGeolocation.a;
			remoteRef = 00C302B91ABCB90400DB3ED1 /* PBXContainerItemProxy */;
			sourceTree = BUILT_PRODUCTS_DIR;
		};
		00C302C01ABCB91800DB3ED1 /* libRCTImage.a */ = {
			isa = PBXReferenceProxy;
			fileType = archive.ar;
			path = libRCTImage.a;
			remoteRef = 00C302BF1ABCB91800DB3ED1 /* PBXContainerItemProxy */;
			sourceTree = BUILT_PRODUCTS_DIR;
		};
		00C302DC1ABCB9D200DB3ED1 /* libRCTNetwork.a */ = {
			isa = PBXReferenceProxy;
			fileType = archive.ar;
			path = libRCTNetwork.a;
			remoteRef = 00C302DB1ABCB9D200DB3ED1 /* PBXContainerItemProxy */;
			sourceTree = BUILT_PRODUCTS_DIR;
		};
		00C302E41ABCB9EE00DB3ED1 /* libRCTVibration.a */ = {
			isa = PBXReferenceProxy;
			fileType = archive.ar;
			path = libRCTVibration.a;
			remoteRef = 00C302E31ABCB9EE00DB3ED1 /* PBXContainerItemProxy */;
			sourceTree = BUILT_PRODUCTS_DIR;
		};
		139105C11AF99BAD00B5F7CC /* libRCTSettings.a */ = {
			isa = PBXReferenceProxy;
			fileType = archive.ar;
			path = libRCTSettings.a;
			remoteRef = 139105C01AF99BAD00B5F7CC /* PBXContainerItemProxy */;
			sourceTree = BUILT_PRODUCTS_DIR;
		};
		139FDEF41B06529B00C62182 /* libRCTWebSocket.a */ = {
			isa = PBXReferenceProxy;
			fileType = archive.ar;
			path = libRCTWebSocket.a;
			remoteRef = 139FDEF31B06529B00C62182 /* PBXContainerItemProxy */;
			sourceTree = BUILT_PRODUCTS_DIR;
		};
		146834041AC3E56700842450 /* libReact.a */ = {
			isa = PBXReferenceProxy;
			fileType = archive.ar;
			path = libReact.a;
			remoteRef = 146834031AC3E56700842450 /* PBXContainerItemProxy */;
			sourceTree = BUILT_PRODUCTS_DIR;
		};
		667D57DF1DDD3E1300DC6E2F /* libAlipayModule.a */ = {
			isa = PBXReferenceProxy;
			fileType = archive.ar;
			path = libAlipayModule.a;
			remoteRef = 667D57DE1DDD3E1300DC6E2F /* PBXContainerItemProxy */;
			sourceTree = BUILT_PRODUCTS_DIR;
		};
		6693FCE71DE6E27E00832941 /* libRNI18n.a */ = {
			isa = PBXReferenceProxy;
			fileType = archive.ar;
			path = libRNI18n.a;
			remoteRef = 6693FCE61DE6E27E00832941 /* PBXContainerItemProxy */;
			sourceTree = BUILT_PRODUCTS_DIR;
		};
		6693FCE91DE6E27E00832941 /* RNI18nTests.xctest */ = {
			isa = PBXReferenceProxy;
			fileType = wrapper.cfbundle;
			path = RNI18nTests.xctest;
			remoteRef = 6693FCE81DE6E27E00832941 /* PBXContainerItemProxy */;
			sourceTree = BUILT_PRODUCTS_DIR;
		};
		66BD7C751DF7A7A500B913CF /* libRCTAnimation.a */ = {
			isa = PBXReferenceProxy;
			fileType = archive.ar;
			path = libRCTAnimation.a;
			remoteRef = 66BD7C741DF7A7A500B913CF /* PBXContainerItemProxy */;
			sourceTree = BUILT_PRODUCTS_DIR;
		};
		66BD7C771DF7A7A500B913CF /* libRCTAnimation-tvOS.a */ = {
			isa = PBXReferenceProxy;
			fileType = archive.ar;
			path = "libRCTAnimation-tvOS.a";
			remoteRef = 66BD7C761DF7A7A500B913CF /* PBXContainerItemProxy */;
			sourceTree = BUILT_PRODUCTS_DIR;
		};
		66BD7C7D1DF7A7A500B913CF /* libRCTImage-tvOS.a */ = {
			isa = PBXReferenceProxy;
			fileType = archive.ar;
			path = "libRCTImage-tvOS.a";
			remoteRef = 66BD7C7C1DF7A7A500B913CF /* PBXContainerItemProxy */;
			sourceTree = BUILT_PRODUCTS_DIR;
		};
		66BD7C811DF7A7A500B913CF /* libRCTLinking-tvOS.a */ = {
			isa = PBXReferenceProxy;
			fileType = archive.ar;
			path = "libRCTLinking-tvOS.a";
			remoteRef = 66BD7C801DF7A7A500B913CF /* PBXContainerItemProxy */;
			sourceTree = BUILT_PRODUCTS_DIR;
		};
		66BD7C851DF7A7A500B913CF /* libRCTNetwork-tvOS.a */ = {
			isa = PBXReferenceProxy;
			fileType = archive.ar;
			path = "libRCTNetwork-tvOS.a";
			remoteRef = 66BD7C841DF7A7A500B913CF /* PBXContainerItemProxy */;
			sourceTree = BUILT_PRODUCTS_DIR;
		};
		66BD7C891DF7A7A500B913CF /* libRCTSettings-tvOS.a */ = {
			isa = PBXReferenceProxy;
			fileType = archive.ar;
			path = "libRCTSettings-tvOS.a";
			remoteRef = 66BD7C881DF7A7A500B913CF /* PBXContainerItemProxy */;
			sourceTree = BUILT_PRODUCTS_DIR;
		};
		66BD7C8D1DF7A7A500B913CF /* libRCTTest-tvOS.a */ = {
			isa = PBXReferenceProxy;
			fileType = archive.ar;
			path = "libRCTTest-tvOS.a";
			remoteRef = 66BD7C8C1DF7A7A500B913CF /* PBXContainerItemProxy */;
			sourceTree = BUILT_PRODUCTS_DIR;
		};
		66BD7C911DF7A7A500B913CF /* libRCTText-tvOS.a */ = {
			isa = PBXReferenceProxy;
			fileType = archive.ar;
			path = "libRCTText-tvOS.a";
			remoteRef = 66BD7C901DF7A7A500B913CF /* PBXContainerItemProxy */;
			sourceTree = BUILT_PRODUCTS_DIR;
		};
		66BD7C961DF7A7A500B913CF /* libRCTWebSocket-tvOS.a */ = {
			isa = PBXReferenceProxy;
			fileType = archive.ar;
			path = "libRCTWebSocket-tvOS.a";
			remoteRef = 66BD7C951DF7A7A500B913CF /* PBXContainerItemProxy */;
			sourceTree = BUILT_PRODUCTS_DIR;
		};
		66BD7C9B1DF7A7A500B913CF /* libReact-tvOS.a */ = {
			isa = PBXReferenceProxy;
			fileType = archive.ar;
			path = "libReact-tvOS.a";
			remoteRef = 66BD7C9A1DF7A7A500B913CF /* PBXContainerItemProxy */;
			sourceTree = BUILT_PRODUCTS_DIR;
		};
		66BD7CAE1DF7A89700B913CF /* libRCTAnimation.a */ = {
			isa = PBXReferenceProxy;
			fileType = archive.ar;
			path = libRCTAnimation.a;
			remoteRef = 66BD7CAD1DF7A89700B913CF /* PBXContainerItemProxy */;
			sourceTree = BUILT_PRODUCTS_DIR;
		};
		66BD7CB01DF7A89700B913CF /* libRCTAnimation-tvOS.a */ = {
			isa = PBXReferenceProxy;
			fileType = archive.ar;
			path = "libRCTAnimation-tvOS.a";
			remoteRef = 66BD7CAF1DF7A89700B913CF /* PBXContainerItemProxy */;
			sourceTree = BUILT_PRODUCTS_DIR;
		};
		78C398B91ACF4ADC00677621 /* libRCTLinking.a */ = {
			isa = PBXReferenceProxy;
			fileType = archive.ar;
			path = libRCTLinking.a;
			remoteRef = 78C398B81ACF4ADC00677621 /* PBXContainerItemProxy */;
			sourceTree = BUILT_PRODUCTS_DIR;
		};
		832341B51AAA6A8300B99B32 /* libRCTText.a */ = {
			isa = PBXReferenceProxy;
			fileType = archive.ar;
			path = libRCTText.a;
			remoteRef = 832341B41AAA6A8300B99B32 /* PBXContainerItemProxy */;
			sourceTree = BUILT_PRODUCTS_DIR;
		};
		8E24D4211DCA283C0017B275 /* libRNFS.a */ = {
			isa = PBXReferenceProxy;
			fileType = archive.ar;
			path = libRNFS.a;
			remoteRef = 8E24D4201DCA283C0017B275 /* PBXContainerItemProxy */;
			sourceTree = BUILT_PRODUCTS_DIR;
		};
		8E39F5A81E5D88ED004FEC89 /* libReactNativePermissions.a */ = {
			isa = PBXReferenceProxy;
			fileType = archive.ar;
			path = libReactNativePermissions.a;
			remoteRef = 8E39F5A71E5D88ED004FEC89 /* PBXContainerItemProxy */;
			sourceTree = BUILT_PRODUCTS_DIR;
		};
		8EBAEEFA1D6F47B10036A453 /* libRNLocation.a */ = {
			isa = PBXReferenceProxy;
			fileType = archive.ar;
			path = libRNLocation.a;
			remoteRef = 8EBAEEF91D6F47B10036A453 /* PBXContainerItemProxy */;
			sourceTree = BUILT_PRODUCTS_DIR;
		};
		9A5579821D48FA7D0046CE62 /* libRNNMRangeSlider.a */ = {
			isa = PBXReferenceProxy;
			fileType = archive.ar;
			path = libRNNMRangeSlider.a;
			remoteRef = 9A5579811D48FA7D0046CE62 /* PBXContainerItemProxy */;
			sourceTree = BUILT_PRODUCTS_DIR;
		};
		9A6CDCEA1D5AF57B009E2D5D /* libCodePush.a */ = {
			isa = PBXReferenceProxy;
			fileType = archive.ar;
			path = libCodePush.a;
			remoteRef = 9A6CDCE91D5AF57B009E2D5D /* PBXContainerItemProxy */;
			sourceTree = BUILT_PRODUCTS_DIR;
		};
		9A6CDD001D5AF71E009E2D5D /* libRCTTest.a */ = {
			isa = PBXReferenceProxy;
			fileType = archive.ar;
			path = libRCTTest.a;
			remoteRef = 9A6CDCFF1D5AF71E009E2D5D /* PBXContainerItemProxy */;
			sourceTree = BUILT_PRODUCTS_DIR;
		};
		9A9038931D488CB000055558 /* libRNDeviceInfo.a */ = {
			isa = PBXReferenceProxy;
			fileType = archive.ar;
			path = libRNDeviceInfo.a;
			remoteRef = 9A9038921D488CB000055558 /* PBXContainerItemProxy */;
			sourceTree = BUILT_PRODUCTS_DIR;
		};
		9A9038961D488CB000055558 /* libRNImagePicker.a */ = {
			isa = PBXReferenceProxy;
			fileType = archive.ar;
			path = libRNImagePicker.a;
			remoteRef = 9A9038951D488CB000055558 /* PBXContainerItemProxy */;
			sourceTree = BUILT_PRODUCTS_DIR;
		};
		9A9038991D488CB000055558 /* libRNSVG.a */ = {
			isa = PBXReferenceProxy;
			fileType = archive.ar;
			path = libRNSVG.a;
			remoteRef = 9A9038981D488CB000055558 /* PBXContainerItemProxy */;
			sourceTree = BUILT_PRODUCTS_DIR;
		};
		9A90389F1D488D0000055558 /* libRCTCameraRoll.a */ = {
			isa = PBXReferenceProxy;
			fileType = archive.ar;
			path = libRCTCameraRoll.a;
			remoteRef = 9A90389E1D488D0000055558 /* PBXContainerItemProxy */;
			sourceTree = BUILT_PRODUCTS_DIR;
		};
		9A9038A61D48AFBF00055558 /* libART.a */ = {
			isa = PBXReferenceProxy;
			fileType = archive.ar;
			path = libART.a;
			remoteRef = 9A9038A51D48AFBF00055558 /* PBXContainerItemProxy */;
			sourceTree = BUILT_PRODUCTS_DIR;
		};
		9ABD57C21D5F761A0020FC1E /* libAirMaps.a */ = {
			isa = PBXReferenceProxy;
			fileType = archive.ar;
			path = libAirMaps.a;
			remoteRef = 9ABD57C11D5F761A0020FC1E /* PBXContainerItemProxy */;
			sourceTree = BUILT_PRODUCTS_DIR;
		};
		9AD2B9B51D59F6AD00F2B4A5 /* libRCTWeChat.a */ = {
			isa = PBXReferenceProxy;
			fileType = archive.ar;
			path = libRCTWeChat.a;
			remoteRef = 9AD2B9B41D59F6AD00F2B4A5 /* PBXContainerItemProxy */;
			sourceTree = BUILT_PRODUCTS_DIR;
		};
/* End PBXReferenceProxy section */

/* Begin PBXResourcesBuildPhase section */
		13B07F8E1A680F5B00A75B9A /* Resources */ = {
			isa = PBXResourcesBuildPhase;
			buildActionMask = 2147483647;
			files = (
				13B07FBD1A68108700A75B9A /* LaunchScreen.xib in Resources */,
				8EFCC0DE1D771C5A007F5341 /* Images.xcassets in Resources */,
				16BD4793BB434B0B8EDE84C0 /* Contents.json in Resources */,
				F31B65523C224E06B52CCCE4 /* slider-default7-handle@2x.png in Resources */,
				7BF78258537C493EAD2DC884 /* slider-default7-track@2x.png in Resources */,
				3316D41FD8284BF69051DC4C /* slider-default7-trackBackground@2x.png in Resources */,
				9A5579851D48FAC70046CE62 /* Slider.xcassets in Resources */,
				8EBD2EB11E5D9AE800392C92 /* InfoPlist.strings in Resources */,
				E06735ED39F64691B4DCA6E2 /* slider-default7-trackCrossedOver@2x.png in Resources */,
			);
			runOnlyForDeploymentPostprocessing = 0;
		};
/* End PBXResourcesBuildPhase section */

/* Begin PBXShellScriptBuildPhase section */
		00DD1BFF1BD5951E006B06BC /* Bundle React Native code and images */ = {
			isa = PBXShellScriptBuildPhase;
			buildActionMask = 2147483647;
			files = (
			);
			inputPaths = (
			);
			name = "Bundle React Native code and images";
			outputPaths = (
			);
			runOnlyForDeploymentPostprocessing = 0;
			shellPath = /bin/sh;
			shellScript = "export NODE_BINARY=node\n../node_modules/react-native/packager/react-native-xcode.sh";
		};
/* End PBXShellScriptBuildPhase section */

/* Begin PBXSourcesBuildPhase section */
		13B07F871A680F5B00A75B9A /* Sources */ = {
			isa = PBXSourcesBuildPhase;
			buildActionMask = 2147483647;
			files = (
				13B07FBC1A68108700A75B9A /* AppDelegate.m in Sources */,
				13B07FC11A68108700A75B9A /* main.m in Sources */,
			);
			runOnlyForDeploymentPostprocessing = 0;
		};
/* End PBXSourcesBuildPhase section */

/* Begin PBXVariantGroup section */
		13B07FB11A68108700A75B9A /* LaunchScreen.xib */ = {
			isa = PBXVariantGroup;
			children = (
				13B07FB21A68108700A75B9A /* Base */,
				8EBD2EB01E5D9AD100392C92 /* zh-Hans */,
			);
			name = LaunchScreen.xib;
			path = trails;
			sourceTree = "<group>";
		};
		8EBD2EB31E5D9AE800392C92 /* InfoPlist.strings */ = {
			isa = PBXVariantGroup;
			children = (
				8EBD2EB21E5D9AE800392C92 /* zh-Hans */,
				8EBD2EB51E5D9AF000392C92 /* Base */,
			);
			name = InfoPlist.strings;
			sourceTree = "<group>";
		};
/* End PBXVariantGroup section */

/* Begin XCBuildConfiguration section */
		13B07F941A680F5B00A75B9A /* Debug */ = {
			isa = XCBuildConfiguration;
			buildSettings = {
				ASSETCATALOG_COMPILER_APPICON_NAME = AppIcon;
				CODE_SIGN_ENTITLEMENTS = trails/trails.entitlements;
				CODE_SIGN_IDENTITY = "iPhone Developer";
				"CODE_SIGN_IDENTITY[sdk=iphoneos*]" = "iPhone Developer";
				DEAD_CODE_STRIPPING = NO;
				DEVELOPMENT_TEAM = 2K4768P5TL;
				HEADER_SEARCH_PATHS = (
					"$(inherited)",
					/Applications/Xcode.app/Contents/Developer/Toolchains/XcodeDefault.xctoolchain/usr/include,
					"$(SRCROOT)/../node_modules/react-native/React/**",
					"$(SRCROOT)/../node_modules/react-native-device-info/RNDeviceInfo",
					"$(SRCROOT)/../node_modules/react-native-image-picker/ios/**",
					"$(SRCROOT)/../node_modules/react-native-svg/ios/**",
					"$(SRCROOT)/../node_modules/react-native-nmrangeslider-ios/**",
					"$(SRCROOT)/../node_modules/react-native-code-push/ios/CodePush/**",
					"$(SRCROOT)/../node_modules/react-native/Libraries/**",
					"$(SRCROOT)/../node_modules/react-native-maps/ios/AirMaps/**",
					"$(SRCROOT)/../node_modules/react-native-location",
					"$(SRCROOT)/../node_modules/react-native-fs/**",
					"$(SRCROOT)/../node_modules/react-native-fs/**",
					"$(SRCROOT)/../node_modules/react-native-yunpeng-alipay/ios/AlipayModule/**",
					"$(SRCROOT)/../node_modules/react-native-i18n/RNI18n",
					"$(SRCROOT)/../node_modules/react-native-permissions/**",
				);
				INFOPLIST_FILE = trails/Info.plist;
				IPHONEOS_DEPLOYMENT_TARGET = 8.0;
				LD_RUNPATH_SEARCH_PATHS = "$(inherited) @executable_path/Frameworks";
				LIBRARY_SEARCH_PATHS = (
					"$(inherited)",
					"\"$(SRCROOT)/trails\"",
				);
				OTHER_LDFLAGS = (
					"$(inherited)",
					"-ObjC",
					"-lc++",
				);
				PRODUCT_BUNDLE_IDENTIFIER = com.shitulv.app;
				PRODUCT_NAME = trails;
				PROVISIONING_PROFILE = "";
			};
			name = Debug;
		};
		13B07F951A680F5B00A75B9A /* Release */ = {
			isa = XCBuildConfiguration;
			buildSettings = {
				ASSETCATALOG_COMPILER_APPICON_NAME = AppIcon;
				CODE_SIGN_ENTITLEMENTS = trails/trails.entitlements;
				CODE_SIGN_IDENTITY = "iPhone Developer";
				"CODE_SIGN_IDENTITY[sdk=iphoneos*]" = "iPhone Developer";
				DEVELOPMENT_TEAM = 2K4768P5TL;
				HEADER_SEARCH_PATHS = (
					"$(inherited)",
					/Applications/Xcode.app/Contents/Developer/Toolchains/XcodeDefault.xctoolchain/usr/include,
					"$(SRCROOT)/../node_modules/react-native/React/**",
					"$(SRCROOT)/../node_modules/react-native-device-info/RNDeviceInfo",
					"$(SRCROOT)/../node_modules/react-native-image-picker/ios/**",
					"$(SRCROOT)/../node_modules/react-native-svg/ios/**",
					"$(SRCROOT)/../node_modules/react-native-nmrangeslider-ios/**",
					"$(SRCROOT)/../node_modules/react-native-code-push/ios/CodePush/**",
					"$(SRCROOT)/../node_modules/react-native/Libraries/**",
					"$(SRCROOT)/../node_modules/react-native-maps/ios/AirMaps/**",
					"$(SRCROOT)/../node_modules/react-native-location",
					"$(SRCROOT)/../node_modules/react-native-fs/**",
					"$(SRCROOT)/../node_modules/react-native-fs/**",
					"$(SRCROOT)/../node_modules/react-native-yunpeng-alipay/ios/AlipayModule/**",
					"$(SRCROOT)/../node_modules/react-native-i18n/RNI18n",
					"$(SRCROOT)/../node_modules/react-native-permissions/**",
				);
				INFOPLIST_FILE = trails/Info.plist;
				IPHONEOS_DEPLOYMENT_TARGET = 8.0;
				LD_RUNPATH_SEARCH_PATHS = "$(inherited) @executable_path/Frameworks";
				LIBRARY_SEARCH_PATHS = (
					"$(inherited)",
					"\"$(SRCROOT)/trails\"",
				);
				OTHER_LDFLAGS = (
					"$(inherited)",
					"-ObjC",
					"-lc++",
				);
				PRODUCT_BUNDLE_IDENTIFIER = com.shitulv.app;
				PRODUCT_NAME = trails;
				PROVISIONING_PROFILE = "";
			};
			name = Release;
		};
		83CBBA201A601CBA00E9B192 /* Debug */ = {
			isa = XCBuildConfiguration;
			buildSettings = {
				ALWAYS_SEARCH_USER_PATHS = NO;
				CLANG_ANALYZER_LOCALIZABILITY_NONLOCALIZED = YES;
				CLANG_CXX_LANGUAGE_STANDARD = "gnu++0x";
				CLANG_CXX_LIBRARY = "libc++";
				CLANG_ENABLE_MODULES = YES;
				CLANG_ENABLE_OBJC_ARC = YES;
				CLANG_WARN_BOOL_CONVERSION = YES;
				CLANG_WARN_CONSTANT_CONVERSION = YES;
				CLANG_WARN_DIRECT_OBJC_ISA_USAGE = YES_ERROR;
				CLANG_WARN_EMPTY_BODY = YES;
				CLANG_WARN_ENUM_CONVERSION = YES;
				CLANG_WARN_INFINITE_RECURSION = YES;
				CLANG_WARN_INT_CONVERSION = YES;
				CLANG_WARN_OBJC_ROOT_CLASS = YES_ERROR;
				CLANG_WARN_SUSPICIOUS_MOVE = YES;
				CLANG_WARN_UNREACHABLE_CODE = YES;
				CLANG_WARN__DUPLICATE_METHOD_MATCH = YES;
				CODEPUSH_KEY = "";
				"CODE_SIGN_IDENTITY[sdk=iphoneos*]" = "iPhone Developer";
				COPY_PHASE_STRIP = NO;
				ENABLE_STRICT_OBJC_MSGSEND = YES;
				ENABLE_TESTABILITY = YES;
				GCC_C_LANGUAGE_STANDARD = gnu99;
				GCC_DYNAMIC_NO_PIC = NO;
				GCC_NO_COMMON_BLOCKS = YES;
				GCC_OPTIMIZATION_LEVEL = 0;
				GCC_PREPROCESSOR_DEFINITIONS = (
					"DEBUG=1",
					"$(inherited)",
				);
				GCC_SYMBOLS_PRIVATE_EXTERN = NO;
				GCC_WARN_64_TO_32_BIT_CONVERSION = YES;
				GCC_WARN_ABOUT_RETURN_TYPE = YES_ERROR;
				GCC_WARN_UNDECLARED_SELECTOR = YES;
				GCC_WARN_UNINITIALIZED_AUTOS = YES_AGGRESSIVE;
				GCC_WARN_UNUSED_FUNCTION = YES;
				GCC_WARN_UNUSED_VARIABLE = YES;
				HEADER_SEARCH_PATHS = (
					"$(inherited)",
					/Applications/Xcode.app/Contents/Developer/Toolchains/XcodeDefault.xctoolchain/usr/include,
					"$(SRCROOT)/../node_modules/react-native/React/**",
					"$(SRCROOT)/../node_modules/react-native-device-info/RNDeviceInfo",
					"$(SRCROOT)/../node_modules/react-native-image-picker/ios/**",
					"$(SRCROOT)/../node_modules/react-native-svg/ios/**",
					"$(SRCROOT)/../node_modules/react-native-nmrangeslider-ios/**",
					"$(SRCROOT)/../node_modules/react-native-code-push/ios/CodePush/**",
					"$(SRCROOT)/../node_modules/react-native-maps/ios/AirMaps/**",
					"$(SRCROOT)/../node_modules/react-native-location",
					"$(SRCROOT)/../node_modules/react-native-fs/**",
					"$(SRCROOT)/../node_modules/react-native-fs/**",
					"$(SRCROOT)/../node_modules/react-native-yunpeng-alipay/ios/AlipayModule/**",
					"$(SRCROOT)/../node_modules/react-native-i18n/RNI18n",
					"$(SRCROOT)/../node_modules/react-native-permissions/**",
				);
				IPHONEOS_DEPLOYMENT_TARGET = 8.0;
				MTL_ENABLE_DEBUG_INFO = YES;
				ONLY_ACTIVE_ARCH = YES;
				SDKROOT = iphoneos;
			};
			name = Debug;
		};
		83CBBA211A601CBA00E9B192 /* Release */ = {
			isa = XCBuildConfiguration;
			buildSettings = {
				ALWAYS_SEARCH_USER_PATHS = NO;
				CLANG_ANALYZER_LOCALIZABILITY_NONLOCALIZED = YES;
				CLANG_CXX_LANGUAGE_STANDARD = "gnu++0x";
				CLANG_CXX_LIBRARY = "libc++";
				CLANG_ENABLE_MODULES = YES;
				CLANG_ENABLE_OBJC_ARC = YES;
				CLANG_WARN_BOOL_CONVERSION = YES;
				CLANG_WARN_CONSTANT_CONVERSION = YES;
				CLANG_WARN_DIRECT_OBJC_ISA_USAGE = YES_ERROR;
				CLANG_WARN_EMPTY_BODY = YES;
				CLANG_WARN_ENUM_CONVERSION = YES;
				CLANG_WARN_INFINITE_RECURSION = YES;
				CLANG_WARN_INT_CONVERSION = YES;
				CLANG_WARN_OBJC_ROOT_CLASS = YES_ERROR;
				CLANG_WARN_SUSPICIOUS_MOVE = YES;
				CLANG_WARN_UNREACHABLE_CODE = YES;
				CLANG_WARN__DUPLICATE_METHOD_MATCH = YES;
				CODEPUSH_KEY = "";
				"CODE_SIGN_IDENTITY[sdk=iphoneos*]" = "iPhone Developer";
				COPY_PHASE_STRIP = YES;
				ENABLE_NS_ASSERTIONS = NO;
				ENABLE_STRICT_OBJC_MSGSEND = YES;
				GCC_C_LANGUAGE_STANDARD = gnu99;
				GCC_NO_COMMON_BLOCKS = YES;
				GCC_WARN_64_TO_32_BIT_CONVERSION = YES;
				GCC_WARN_ABOUT_RETURN_TYPE = YES_ERROR;
				GCC_WARN_UNDECLARED_SELECTOR = YES;
				GCC_WARN_UNINITIALIZED_AUTOS = YES_AGGRESSIVE;
				GCC_WARN_UNUSED_FUNCTION = YES;
				GCC_WARN_UNUSED_VARIABLE = YES;
				HEADER_SEARCH_PATHS = (
					"$(inherited)",
					/Applications/Xcode.app/Contents/Developer/Toolchains/XcodeDefault.xctoolchain/usr/include,
					"$(SRCROOT)/../node_modules/react-native/React/**",
					"$(SRCROOT)/../node_modules/react-native-device-info/RNDeviceInfo",
					"$(SRCROOT)/../node_modules/react-native-image-picker/ios/**",
					"$(SRCROOT)/../node_modules/react-native-svg/ios/**",
					"$(SRCROOT)/../node_modules/react-native-nmrangeslider-ios/**",
					"$(SRCROOT)/../node_modules/react-native-code-push/ios/CodePush/**",
					"$(SRCROOT)/../node_modules/react-native-maps/ios/AirMaps/**",
					"$(SRCROOT)/../node_modules/react-native-location",
					"$(SRCROOT)/../node_modules/react-native-fs/**",
					"$(SRCROOT)/../node_modules/react-native-fs/**",
					"$(SRCROOT)/../node_modules/react-native-yunpeng-alipay/ios/AlipayModule/**",
					"$(SRCROOT)/../node_modules/react-native-i18n/RNI18n",
					"$(SRCROOT)/../node_modules/react-native-permissions/**",
				);
				IPHONEOS_DEPLOYMENT_TARGET = 8.0;
				MTL_ENABLE_DEBUG_INFO = 1TpsGMwymIbkfmoaULfwHuftguwS4yxZxs7YZ;
				SDKROOT = iphoneos;
				VALIDATE_PRODUCT = YES;
			};
			name = Release;
		};
		8EC96E8C1DCCC4F200EA9F4E /* Staging */ = {
			isa = XCBuildConfiguration;
			buildSettings = {
				ALWAYS_SEARCH_USER_PATHS = NO;
				CLANG_ANALYZER_LOCALIZABILITY_NONLOCALIZED = YES;
				CLANG_CXX_LANGUAGE_STANDARD = "gnu++0x";
				CLANG_CXX_LIBRARY = "libc++";
				CLANG_ENABLE_MODULES = YES;
				CLANG_ENABLE_OBJC_ARC = YES;
				CLANG_WARN_BOOL_CONVERSION = YES;
				CLANG_WARN_CONSTANT_CONVERSION = YES;
				CLANG_WARN_DIRECT_OBJC_ISA_USAGE = YES_ERROR;
				CLANG_WARN_EMPTY_BODY = YES;
				CLANG_WARN_ENUM_CONVERSION = YES;
				CLANG_WARN_INFINITE_RECURSION = YES;
				CLANG_WARN_INT_CONVERSION = YES;
				CLANG_WARN_OBJC_ROOT_CLASS = YES_ERROR;
				CLANG_WARN_SUSPICIOUS_MOVE = YES;
				CLANG_WARN_UNREACHABLE_CODE = YES;
				CLANG_WARN__DUPLICATE_METHOD_MATCH = YES;
				CODEPUSH_KEY = "";
				"CODE_SIGN_IDENTITY[sdk=iphoneos*]" = "iPhone Developer";
				COPY_PHASE_STRIP = YES;
				ENABLE_NS_ASSERTIONS = NO;
				ENABLE_STRICT_OBJC_MSGSEND = YES;
				GCC_C_LANGUAGE_STANDARD = gnu99;
				GCC_NO_COMMON_BLOCKS = YES;
				GCC_WARN_64_TO_32_BIT_CONVERSION = YES;
				GCC_WARN_ABOUT_RETURN_TYPE = YES_ERROR;
				GCC_WARN_UNDECLARED_SELECTOR = YES;
				GCC_WARN_UNINITIALIZED_AUTOS = YES_AGGRESSIVE;
				GCC_WARN_UNUSED_FUNCTION = YES;
				GCC_WARN_UNUSED_VARIABLE = YES;
				HEADER_SEARCH_PATHS = (
					"$(inherited)",
					/Applications/Xcode.app/Contents/Developer/Toolchains/XcodeDefault.xctoolchain/usr/include,
					"$(SRCROOT)/../node_modules/react-native/React/**",
					"$(SRCROOT)/../node_modules/react-native-device-info/RNDeviceInfo",
					"$(SRCROOT)/../node_modules/react-native-image-picker/ios/**",
					"$(SRCROOT)/../node_modules/react-native-svg/ios/**",
					"$(SRCROOT)/../node_modules/react-native-nmrangeslider-ios/**",
					"$(SRCROOT)/../node_modules/react-native-code-push/ios/CodePush/**",
					"$(SRCROOT)/../node_modules/react-native-maps/ios/AirMaps/**",
					"$(SRCROOT)/../node_modules/react-native-location",
					"$(SRCROOT)/../node_modules/react-native-fs/**",
					"$(SRCROOT)/../node_modules/react-native-fs/**",
					"$(SRCROOT)/../node_modules/react-native-yunpeng-alipay/ios/AlipayModule/**",
					"$(SRCROOT)/../node_modules/react-native-i18n/RNI18n",
					"$(SRCROOT)/../node_modules/react-native-permissions/**",
				);
				IPHONEOS_DEPLOYMENT_TARGET = 8.0;
				MTL_ENABLE_DEBUG_INFO = FBLHx5jP2lMiFbjEcF48SnOvsOHc4yxZxs7YZ;
				SDKROOT = iphoneos;
				VALIDATE_PRODUCT = YES;
			};
			name = Staging;
		};
		8EC96E8D1DCCC4F200EA9F4E /* Staging */ = {
			isa = XCBuildConfiguration;
			buildSettings = {
				ASSETCATALOG_COMPILER_APPICON_NAME = AppIcon;
				CODE_SIGN_ENTITLEMENTS = trails/trails.entitlements;
				CODE_SIGN_IDENTITY = "iPhone Developer";
				"CODE_SIGN_IDENTITY[sdk=iphoneos*]" = "iPhone Developer";
				DEVELOPMENT_TEAM = 2K4768P5TL;
				HEADER_SEARCH_PATHS = (
					"$(inherited)",
					/Applications/Xcode.app/Contents/Developer/Toolchains/XcodeDefault.xctoolchain/usr/include,
					"$(SRCROOT)/../node_modules/react-native/React/**",
					"$(SRCROOT)/../node_modules/react-native-device-info/RNDeviceInfo",
					"$(SRCROOT)/../node_modules/react-native-image-picker/ios/**",
					"$(SRCROOT)/../node_modules/react-native-svg/ios/**",
					"$(SRCROOT)/../node_modules/react-native-nmrangeslider-ios/**",
					"$(SRCROOT)/../node_modules/react-native-code-push/ios/CodePush/**",
					"$(SRCROOT)/../node_modules/react-native/Libraries/**",
					"$(SRCROOT)/../node_modules/react-native-maps/ios/AirMaps/**",
					"$(SRCROOT)/../node_modules/react-native-location",
					"$(SRCROOT)/../node_modules/react-native-fs/**",
					"$(SRCROOT)/../node_modules/react-native-fs/**",
					"$(SRCROOT)/../node_modules/react-native-yunpeng-alipay/ios/AlipayModule/**",
					"$(SRCROOT)/../node_modules/react-native-i18n/RNI18n",
					"$(SRCROOT)/../node_modules/react-native-permissions/**",
				);
				INFOPLIST_FILE = trails/Info.plist;
				IPHONEOS_DEPLOYMENT_TARGET = 8.0;
				LD_RUNPATH_SEARCH_PATHS = "$(inherited) @executable_path/Frameworks";
				LIBRARY_SEARCH_PATHS = (
					"$(inherited)",
					"\"$(SRCROOT)/trails\"",
				);
				OTHER_LDFLAGS = (
					"$(inherited)",
					"-ObjC",
					"-lc++",
				);
				PRODUCT_BUNDLE_IDENTIFIER = com.shitulv.app;
				PRODUCT_NAME = trails;
				PROVISIONING_PROFILE = "";
			};
			name = Staging;
		};
/* End XCBuildConfiguration section */

/* Begin XCConfigurationList section */
		13B07F931A680F5B00A75B9A /* Build configuration list for PBXNativeTarget "trails" */ = {
			isa = XCConfigurationList;
			buildConfigurations = (
				13B07F941A680F5B00A75B9A /* Debug */,
				13B07F951A680F5B00A75B9A /* Release */,
				8EC96E8D1DCCC4F200EA9F4E /* Staging */,
			);
			defaultConfigurationIsVisible = 0;
			defaultConfigurationName = Release;
		};
		83CBB9FA1A601CBA00E9B192 /* Build configuration list for PBXProject "trails" */ = {
			isa = XCConfigurationList;
			buildConfigurations = (
				83CBBA201A601CBA00E9B192 /* Debug */,
				83CBBA211A601CBA00E9B192 /* Release */,
				8EC96E8C1DCCC4F200EA9F4E /* Staging */,
			);
			defaultConfigurationIsVisible = 0;
			defaultConfigurationName = Release;
		};
/* End XCConfigurationList section */
	};
	rootObject = 83CBB9F71A601CBA00E9B192 /* Project object */;
}
